// !$*UTF8*$!
{
	archiveVersion = 1;
	classes = {
	};
	objectVersion = 52;
	objects = {

/* Begin PBXBuildFile section */
		230D189124EAD9420075FE89 /* BoardSolution.swift in Sources */ = {isa = PBXBuildFile; fileRef = 230D189024EAD9420075FE89 /* BoardSolution.swift */; };
		230D189324EAD99F0075FE89 /* BoardPosition.swift in Sources */ = {isa = PBXBuildFile; fileRef = 230D189224EAD99F0075FE89 /* BoardPosition.swift */; };
		230D189524EAD9CD0075FE89 /* BoardSolutionTests.swift in Sources */ = {isa = PBXBuildFile; fileRef = 230D189424EAD9CD0075FE89 /* BoardSolutionTests.swift */; };
		2319A1A8253CA5ED00B40F5A /* String+Exists.swift in Sources */ = {isa = PBXBuildFile; fileRef = 2319A1A7253CA5ED00B40F5A /* String+Exists.swift */; };
		231E049E253C9E3B00102130 /* AlertPresenter.swift in Sources */ = {isa = PBXBuildFile; fileRef = 231E049D253C9E3B00102130 /* AlertPresenter.swift */; };
		231E04A6253C9E5A00102130 /* AlertViewModel.swift in Sources */ = {isa = PBXBuildFile; fileRef = 231E04A5253C9E5A00102130 /* AlertViewModel.swift */; };
		231E04AB253C9E7900102130 /* Alert.swift in Sources */ = {isa = PBXBuildFile; fileRef = 231E04AA253C9E7900102130 /* Alert.swift */; };
		232280E224E8598500F28378 /* BoardBuilder.swift in Sources */ = {isa = PBXBuildFile; fileRef = 232280E124E8598500F28378 /* BoardBuilder.swift */; };
		232280E424E8599F00F28378 /* BoardSize.swift in Sources */ = {isa = PBXBuildFile; fileRef = 232280E324E8599F00F28378 /* BoardSize.swift */; };
		232280E624E85CA800F28378 /* BoardSetup.swift in Sources */ = {isa = PBXBuildFile; fileRef = 232280E524E85CA800F28378 /* BoardSetup.swift */; };
		2322814424E8614700F28378 /* LightStateReducerTests.swift in Sources */ = {isa = PBXBuildFile; fileRef = 232280EB24E85E7500F28378 /* LightStateReducerTests.swift */; };
		2322814824E8621A00F28378 /* BoardSetupTests.swift in Sources */ = {isa = PBXBuildFile; fileRef = 2322814724E8621A00F28378 /* BoardSetupTests.swift */; };
		2322814D24E8669600F28378 /* StubBoardRowBuilder.swift in Sources */ = {isa = PBXBuildFile; fileRef = 2322814A24E8667100F28378 /* StubBoardRowBuilder.swift */; };
		2322814F24E8670800F28378 /* DefaultBoardEngineTests.swift in Sources */ = {isa = PBXBuildFile; fileRef = 2322814E24E8670800F28378 /* DefaultBoardEngineTests.swift */; };
		2322815124E86F8C00F28378 /* BoardSetupFactoryTests.swift in Sources */ = {isa = PBXBuildFile; fileRef = 2322815024E86F8C00F28378 /* BoardSetupFactoryTests.swift */; };
		2322815424E8724400F28378 /* SpyBoardEngine.swift in Sources */ = {isa = PBXBuildFile; fileRef = 2322815224E8723C00F28378 /* SpyBoardEngine.swift */; };
		2322815724E872C000F28378 /* BoardTests.swift in Sources */ = {isa = PBXBuildFile; fileRef = 2322815624E872C000F28378 /* BoardTests.swift */; };
		2322815B24E8781B00F28378 /* MarginTests.swift in Sources */ = {isa = PBXBuildFile; fileRef = 2322815A24E8781B00F28378 /* MarginTests.swift */; };
		234E52EA25389D3F001A696F /* AlertBuilder.swift in Sources */ = {isa = PBXBuildFile; fileRef = 234E52E925389D3F001A696F /* AlertBuilder.swift */; };
		234E537B2538ACEE001A696F /* AlertViewController.swift in Sources */ = {isa = PBXBuildFile; fileRef = 234E53792538ACEE001A696F /* AlertViewController.swift */; };
		234E537C2538ACEE001A696F /* AlertViewController.xib in Resources */ = {isa = PBXBuildFile; fileRef = 234E537A2538ACEE001A696F /* AlertViewController.xib */; };
		234E53812538C151001A696F /* AlertView.swift in Sources */ = {isa = PBXBuildFile; fileRef = 234E53802538C151001A696F /* AlertView.swift */; };
		23523C17253E1002008C6875 /* UIView+Background.swift in Sources */ = {isa = PBXBuildFile; fileRef = 23523C16253E1002008C6875 /* UIView+Background.swift */; };
		23523C1B253E10C9008C6875 /* UIColor+Dynamic.swift in Sources */ = {isa = PBXBuildFile; fileRef = 23523C1A253E10C9008C6875 /* UIColor+Dynamic.swift */; };
		2354097E24EC3C0E007B8571 /* BoardScore.swift in Sources */ = {isa = PBXBuildFile; fileRef = 2354097D24EC3C0E007B8571 /* BoardScore.swift */; };
		235409C224EC4A8E007B8571 /* BoardScore+Display.swift in Sources */ = {isa = PBXBuildFile; fileRef = 235409C124EC4A8E007B8571 /* BoardScore+Display.swift */; };
		235409C524EC5AC2007B8571 /* Color.swift in Sources */ = {isa = PBXBuildFile; fileRef = 235409C424EC5AC2007B8571 /* Color.swift */; };
		2361752C24E329460052AB01 /* AppDelegate.swift in Sources */ = {isa = PBXBuildFile; fileRef = 2361752B24E329460052AB01 /* AppDelegate.swift */; };
		2361752E24E329460052AB01 /* SceneDelegate.swift in Sources */ = {isa = PBXBuildFile; fileRef = 2361752D24E329460052AB01 /* SceneDelegate.swift */; };
		2361753524E329470052AB01 /* Assets.xcassets in Resources */ = {isa = PBXBuildFile; fileRef = 2361753424E329470052AB01 /* Assets.xcassets */; };
		2361753824E329470052AB01 /* LaunchScreen.storyboard in Resources */ = {isa = PBXBuildFile; fileRef = 2361753624E329470052AB01 /* LaunchScreen.storyboard */; };
		2361755224E32B550052AB01 /* NavigationController.swift in Sources */ = {isa = PBXBuildFile; fileRef = 2361755124E32B550052AB01 /* NavigationController.swift */; };
		2361755824E32F670052AB01 /* BreathViewController.swift in Sources */ = {isa = PBXBuildFile; fileRef = 2361755624E32F670052AB01 /* BreathViewController.swift */; };
		2361755924E32F670052AB01 /* BreathViewController.xib in Resources */ = {isa = PBXBuildFile; fileRef = 2361755724E32F670052AB01 /* BreathViewController.xib */; };
		2361755C24E32F790052AB01 /* BreathViewModel.swift in Sources */ = {isa = PBXBuildFile; fileRef = 2361755B24E32F790052AB01 /* BreathViewModel.swift */; };
		2361755F24E3300B0052AB01 /* BreathRouter.swift in Sources */ = {isa = PBXBuildFile; fileRef = 2361755E24E3300B0052AB01 /* BreathRouter.swift */; };
		236175A024E336560052AB01 /* Router.swift in Sources */ = {isa = PBXBuildFile; fileRef = 2361759F24E336560052AB01 /* Router.swift */; };
		236175A224E336830052AB01 /* AppRouter.swift in Sources */ = {isa = PBXBuildFile; fileRef = 236175A124E336830052AB01 /* AppRouter.swift */; };
		236175A524E3383D0052AB01 /* PulsatoryView.swift in Sources */ = {isa = PBXBuildFile; fileRef = 236175A424E3383D0052AB01 /* PulsatoryView.swift */; };
		236175A724E349540052AB01 /* Circle.swift in Sources */ = {isa = PBXBuildFile; fileRef = 236175A624E349540052AB01 /* Circle.swift */; };
		2399630D24E467D0008A6768 /* Margin.swift in Sources */ = {isa = PBXBuildFile; fileRef = 2399630C24E467D0008A6768 /* Margin.swift */; };
		2399631024E468A5008A6768 /* UIView+AutoLayout.swift in Sources */ = {isa = PBXBuildFile; fileRef = 2399630F24E468A5008A6768 /* UIView+AutoLayout.swift */; };
		2399635524E469F5008A6768 /* MenuViewController.swift in Sources */ = {isa = PBXBuildFile; fileRef = 2399635324E469F5008A6768 /* MenuViewController.swift */; };
		2399635624E469F5008A6768 /* MenuViewController.xib in Resources */ = {isa = PBXBuildFile; fileRef = 2399635424E469F5008A6768 /* MenuViewController.xib */; };
		2399635824E46A0D008A6768 /* MenuViewModel.swift in Sources */ = {isa = PBXBuildFile; fileRef = 2399635724E46A0D008A6768 /* MenuViewModel.swift */; };
		2399635A24E46A18008A6768 /* MenuRouter.swift in Sources */ = {isa = PBXBuildFile; fileRef = 2399635924E46A18008A6768 /* MenuRouter.swift */; };
		2399636324E4705E008A6768 /* UITableViewCellProvider.swift in Sources */ = {isa = PBXBuildFile; fileRef = 2399636224E4705E008A6768 /* UITableViewCellProvider.swift */; };
		2399636524E47093008A6768 /* UITableView+Register.swift in Sources */ = {isa = PBXBuildFile; fileRef = 2399636424E47093008A6768 /* UITableView+Register.swift */; };
		2399636724E471B3008A6768 /* MenuCellProvider.swift in Sources */ = {isa = PBXBuildFile; fileRef = 2399636624E471B3008A6768 /* MenuCellProvider.swift */; };
		2399636A24E4721C008A6768 /* MenuCollectionViewAdapter.swift in Sources */ = {isa = PBXBuildFile; fileRef = 2399636924E4721C008A6768 /* MenuCollectionViewAdapter.swift */; };
		2399636D24E472EC008A6768 /* MenuViewData.swift in Sources */ = {isa = PBXBuildFile; fileRef = 2399636C24E472EC008A6768 /* MenuViewData.swift */; };
		239D4FC5253DF3DC00A61D73 /* GradientView.swift in Sources */ = {isa = PBXBuildFile; fileRef = 239D4FC4253DF3DC00A61D73 /* GradientView.swift */; };
		239D4FCA253DF3FA00A61D73 /* Gradient.swift in Sources */ = {isa = PBXBuildFile; fileRef = 239D4FC9253DF3FA00A61D73 /* Gradient.swift */; };
		23A69DD424E817F000B205CC /* Board.swift in Sources */ = {isa = PBXBuildFile; fileRef = 23A69DD324E817F000B205CC /* Board.swift */; };
		23A69DD724E8250D00B205CC /* Collection+Safe.swift in Sources */ = {isa = PBXBuildFile; fileRef = 23A69DD624E8250D00B205CC /* Collection+Safe.swift */; };
		23A69DDA24E8273400B205CC /* BoardItem.swift in Sources */ = {isa = PBXBuildFile; fileRef = 23A69DD924E8273400B205CC /* BoardItem.swift */; };
		23A69DDC24E8278B00B205CC /* BoardRow.swift in Sources */ = {isa = PBXBuildFile; fileRef = 23A69DDB24E8278B00B205CC /* BoardRow.swift */; };
		23A69E5E24E82A1E00B205CC /* BoardSetupFactory.swift in Sources */ = {isa = PBXBuildFile; fileRef = 23A69E5D24E82A1E00B205CC /* BoardSetupFactory.swift */; };
		23A69E6024E82B4D00B205CC /* DefaultBoardEngine.swift in Sources */ = {isa = PBXBuildFile; fileRef = 23A69E5F24E82B4D00B205CC /* DefaultBoardEngine.swift */; };
		23A69E6424E82CB300B205CC /* LightState.swift in Sources */ = {isa = PBXBuildFile; fileRef = 23A69E6324E82CB300B205CC /* LightState.swift */; };
		23A69E6624E82EB100B205CC /* LightStateReducer.swift in Sources */ = {isa = PBXBuildFile; fileRef = 23A69E6524E82EB100B205CC /* LightStateReducer.swift */; };
		23A69E6A24E8356800B205CC /* BoardEngine.swift in Sources */ = {isa = PBXBuildFile; fileRef = 23A69E6924E8356800B205CC /* BoardEngine.swift */; };
		23AB23BF24E954C10028E4EB /* BoardRouter.swift in Sources */ = {isa = PBXBuildFile; fileRef = 23AB23BE24E954C10028E4EB /* BoardRouter.swift */; };
		23AB23C224E954F90028E4EB /* BoardViewController.swift in Sources */ = {isa = PBXBuildFile; fileRef = 23AB23C024E954F90028E4EB /* BoardViewController.swift */; };
		23AB23C324E954F90028E4EB /* BoardViewController.xib in Resources */ = {isa = PBXBuildFile; fileRef = 23AB23C124E954F90028E4EB /* BoardViewController.xib */; };
		23AB23C524E955040028E4EB /* BoardViewModel.swift in Sources */ = {isa = PBXBuildFile; fileRef = 23AB23C424E955040028E4EB /* BoardViewModel.swift */; };
		23AB23CB24E95C320028E4EB /* BoardView.swift in Sources */ = {isa = PBXBuildFile; fileRef = 23AB23CA24E95C320028E4EB /* BoardView.swift */; };
		23AB23D024E95FF20028E4EB /* UICollectionView+Register.swift in Sources */ = {isa = PBXBuildFile; fileRef = 23AB23CF24E95FF20028E4EB /* UICollectionView+Register.swift */; };
		23AB23D224E9600A0028E4EB /* UICollectionViewCellProvider.swift in Sources */ = {isa = PBXBuildFile; fileRef = 23AB23D124E9600A0028E4EB /* UICollectionViewCellProvider.swift */; };
		23AB23D624E960840028E4EB /* BoardCollectionViewCell.swift in Sources */ = {isa = PBXBuildFile; fileRef = 23AB23D424E960840028E4EB /* BoardCollectionViewCell.swift */; };
		23AB23D724E960840028E4EB /* BoardCollectionViewCell.xib in Resources */ = {isa = PBXBuildFile; fileRef = 23AB23D524E960840028E4EB /* BoardCollectionViewCell.xib */; };
		23AB23DA24E96A5F0028E4EB /* BoardCollectionViewAdapter.swift in Sources */ = {isa = PBXBuildFile; fileRef = 23AB23D924E96A5F0028E4EB /* BoardCollectionViewAdapter.swift */; };
		23AB23DC24E96A7A0028E4EB /* BoardCellProvider.swift in Sources */ = {isa = PBXBuildFile; fileRef = 23AB23DB24E96A7A0028E4EB /* BoardCellProvider.swift */; };
		23AB23DF24E96B670028E4EB /* RxSwift in Frameworks */ = {isa = PBXBuildFile; productRef = 23AB23DE24E96B670028E4EB /* RxSwift */; };
		23AB23E124E96B670028E4EB /* RxCocoa in Frameworks */ = {isa = PBXBuildFile; productRef = 23AB23E024E96B670028E4EB /* RxCocoa */; };
		23AB247124E98CF80028E4EB /* BoardViewData.swift in Sources */ = {isa = PBXBuildFile; fileRef = 23AB247024E98CF80028E4EB /* BoardViewData.swift */; };
		23AB247524E98DB40028E4EB /* BoardViewDataMapper.swift in Sources */ = {isa = PBXBuildFile; fileRef = 23AB247424E98DB40028E4EB /* BoardViewDataMapper.swift */; };
		23B6004A25332BBA009A4BF5 /* LongPressGestureRecognizer.swift in Sources */ = {isa = PBXBuildFile; fileRef = 23B6004925332BBA009A4BF5 /* LongPressGestureRecognizer.swift */; };
		23B6004C25332C38009A4BF5 /* UIView+Tap.swift in Sources */ = {isa = PBXBuildFile; fileRef = 23B6004B25332C38009A4BF5 /* UIView+Tap.swift */; };
		23B6004E25334058009A4BF5 /* RouterChannel.swift in Sources */ = {isa = PBXBuildFile; fileRef = 23B6004D25334058009A4BF5 /* RouterChannel.swift */; };
		23B6005025334068009A4BF5 /* BaseRouter.swift in Sources */ = {isa = PBXBuildFile; fileRef = 23B6004F25334068009A4BF5 /* BaseRouter.swift */; };
		23B6FFFD25331408009A4BF5 /* MenuCollectionViewCell.swift in Sources */ = {isa = PBXBuildFile; fileRef = 23B6FFFB25331408009A4BF5 /* MenuCollectionViewCell.swift */; };
		23B6FFFE25331408009A4BF5 /* MenuCollectionViewCell.xib in Resources */ = {isa = PBXBuildFile; fileRef = 23B6FFFC25331408009A4BF5 /* MenuCollectionViewCell.xib */; };
		23FFE71124E9EEED0043CEA0 /* UIView+Margin.swift in Sources */ = {isa = PBXBuildFile; fileRef = 23FFE71024E9EEED0043CEA0 /* UIView+Margin.swift */; };
		23FFE71324E9EF7A0043CEA0 /* HapticFeedback.swift in Sources */ = {isa = PBXBuildFile; fileRef = 23FFE71224E9EF7A0043CEA0 /* HapticFeedback.swift */; };
/* End PBXBuildFile section */

/* Begin PBXContainerItemProxy section */
		2322813D24E860DF00F28378 /* PBXContainerItemProxy */ = {
			isa = PBXContainerItemProxy;
			containerPortal = 2361752024E329460052AB01 /* Project object */;
			proxyType = 1;
			remoteGlobalIDString = 2361752724E329460052AB01;
			remoteInfo = Hush;
		};
/* End PBXContainerItemProxy section */

/* Begin PBXFileReference section */
		230D189024EAD9420075FE89 /* BoardSolution.swift */ = {isa = PBXFileReference; lastKnownFileType = sourcecode.swift; path = BoardSolution.swift; sourceTree = "<group>"; };
		230D189224EAD99F0075FE89 /* BoardPosition.swift */ = {isa = PBXFileReference; lastKnownFileType = sourcecode.swift; path = BoardPosition.swift; sourceTree = "<group>"; };
		230D189424EAD9CD0075FE89 /* BoardSolutionTests.swift */ = {isa = PBXFileReference; lastKnownFileType = sourcecode.swift; path = BoardSolutionTests.swift; sourceTree = "<group>"; };
		2319A1A7253CA5ED00B40F5A /* String+Exists.swift */ = {isa = PBXFileReference; lastKnownFileType = sourcecode.swift; path = "String+Exists.swift"; sourceTree = "<group>"; };
		231E049D253C9E3B00102130 /* AlertPresenter.swift */ = {isa = PBXFileReference; lastKnownFileType = sourcecode.swift; path = AlertPresenter.swift; sourceTree = "<group>"; };
		231E04A5253C9E5A00102130 /* AlertViewModel.swift */ = {isa = PBXFileReference; lastKnownFileType = sourcecode.swift; path = AlertViewModel.swift; sourceTree = "<group>"; };
		231E04AA253C9E7900102130 /* Alert.swift */ = {isa = PBXFileReference; lastKnownFileType = sourcecode.swift; path = Alert.swift; sourceTree = "<group>"; };
		232280E124E8598500F28378 /* BoardBuilder.swift */ = {isa = PBXFileReference; lastKnownFileType = sourcecode.swift; path = BoardBuilder.swift; sourceTree = "<group>"; };
		232280E324E8599F00F28378 /* BoardSize.swift */ = {isa = PBXFileReference; lastKnownFileType = sourcecode.swift; path = BoardSize.swift; sourceTree = "<group>"; };
		232280E524E85CA800F28378 /* BoardSetup.swift */ = {isa = PBXFileReference; lastKnownFileType = sourcecode.swift; path = BoardSetup.swift; sourceTree = "<group>"; };
		232280EB24E85E7500F28378 /* LightStateReducerTests.swift */ = {isa = PBXFileReference; lastKnownFileType = sourcecode.swift; path = LightStateReducerTests.swift; sourceTree = "<group>"; };
		2322813824E860DF00F28378 /* HushTests.xctest */ = {isa = PBXFileReference; explicitFileType = wrapper.cfbundle; includeInIndex = 0; path = HushTests.xctest; sourceTree = BUILT_PRODUCTS_DIR; };
		2322813C24E860DF00F28378 /* Info.plist */ = {isa = PBXFileReference; lastKnownFileType = text.plist.xml; path = Info.plist; sourceTree = "<group>"; };
		2322814724E8621A00F28378 /* BoardSetupTests.swift */ = {isa = PBXFileReference; lastKnownFileType = sourcecode.swift; path = BoardSetupTests.swift; sourceTree = "<group>"; };
		2322814A24E8667100F28378 /* StubBoardRowBuilder.swift */ = {isa = PBXFileReference; lastKnownFileType = sourcecode.swift; path = StubBoardRowBuilder.swift; sourceTree = "<group>"; };
		2322814E24E8670800F28378 /* DefaultBoardEngineTests.swift */ = {isa = PBXFileReference; lastKnownFileType = sourcecode.swift; path = DefaultBoardEngineTests.swift; sourceTree = "<group>"; };
		2322815024E86F8C00F28378 /* BoardSetupFactoryTests.swift */ = {isa = PBXFileReference; lastKnownFileType = sourcecode.swift; path = BoardSetupFactoryTests.swift; sourceTree = "<group>"; };
		2322815224E8723C00F28378 /* SpyBoardEngine.swift */ = {isa = PBXFileReference; lastKnownFileType = sourcecode.swift; path = SpyBoardEngine.swift; sourceTree = "<group>"; };
		2322815624E872C000F28378 /* BoardTests.swift */ = {isa = PBXFileReference; lastKnownFileType = sourcecode.swift; path = BoardTests.swift; sourceTree = "<group>"; };
		2322815A24E8781B00F28378 /* MarginTests.swift */ = {isa = PBXFileReference; lastKnownFileType = sourcecode.swift; path = MarginTests.swift; sourceTree = "<group>"; };
		234E52E925389D3F001A696F /* AlertBuilder.swift */ = {isa = PBXFileReference; lastKnownFileType = sourcecode.swift; path = AlertBuilder.swift; sourceTree = "<group>"; };
		234E53792538ACEE001A696F /* AlertViewController.swift */ = {isa = PBXFileReference; lastKnownFileType = sourcecode.swift; path = AlertViewController.swift; sourceTree = "<group>"; };
		234E537A2538ACEE001A696F /* AlertViewController.xib */ = {isa = PBXFileReference; lastKnownFileType = file.xib; path = AlertViewController.xib; sourceTree = "<group>"; };
		234E53802538C151001A696F /* AlertView.swift */ = {isa = PBXFileReference; lastKnownFileType = sourcecode.swift; path = AlertView.swift; sourceTree = "<group>"; };
		23523C16253E1002008C6875 /* UIView+Background.swift */ = {isa = PBXFileReference; lastKnownFileType = sourcecode.swift; path = "UIView+Background.swift"; sourceTree = "<group>"; };
		23523C1A253E10C9008C6875 /* UIColor+Dynamic.swift */ = {isa = PBXFileReference; lastKnownFileType = sourcecode.swift; path = "UIColor+Dynamic.swift"; sourceTree = "<group>"; };
		2354097D24EC3C0E007B8571 /* BoardScore.swift */ = {isa = PBXFileReference; lastKnownFileType = sourcecode.swift; path = BoardScore.swift; sourceTree = "<group>"; };
		235409C124EC4A8E007B8571 /* BoardScore+Display.swift */ = {isa = PBXFileReference; lastKnownFileType = sourcecode.swift; path = "BoardScore+Display.swift"; sourceTree = "<group>"; };
		235409C424EC5AC2007B8571 /* Color.swift */ = {isa = PBXFileReference; lastKnownFileType = sourcecode.swift; path = Color.swift; sourceTree = "<group>"; };
		2361752824E329460052AB01 /* Hush.app */ = {isa = PBXFileReference; explicitFileType = wrapper.application; includeInIndex = 0; path = Hush.app; sourceTree = BUILT_PRODUCTS_DIR; };
		2361752B24E329460052AB01 /* AppDelegate.swift */ = {isa = PBXFileReference; lastKnownFileType = sourcecode.swift; path = AppDelegate.swift; sourceTree = "<group>"; };
		2361752D24E329460052AB01 /* SceneDelegate.swift */ = {isa = PBXFileReference; lastKnownFileType = sourcecode.swift; path = SceneDelegate.swift; sourceTree = "<group>"; };
		2361753424E329470052AB01 /* Assets.xcassets */ = {isa = PBXFileReference; lastKnownFileType = folder.assetcatalog; path = Assets.xcassets; sourceTree = "<group>"; };
		2361753724E329470052AB01 /* Base */ = {isa = PBXFileReference; lastKnownFileType = file.storyboard; name = Base; path = Base.lproj/LaunchScreen.storyboard; sourceTree = "<group>"; };
		2361753924E329470052AB01 /* Info.plist */ = {isa = PBXFileReference; lastKnownFileType = text.plist.xml; path = Info.plist; sourceTree = "<group>"; };
		2361755124E32B550052AB01 /* NavigationController.swift */ = {isa = PBXFileReference; lastKnownFileType = sourcecode.swift; path = NavigationController.swift; sourceTree = "<group>"; };
		2361755624E32F670052AB01 /* BreathViewController.swift */ = {isa = PBXFileReference; lastKnownFileType = sourcecode.swift; path = BreathViewController.swift; sourceTree = "<group>"; };
		2361755724E32F670052AB01 /* BreathViewController.xib */ = {isa = PBXFileReference; lastKnownFileType = file.xib; path = BreathViewController.xib; sourceTree = "<group>"; };
		2361755B24E32F790052AB01 /* BreathViewModel.swift */ = {isa = PBXFileReference; lastKnownFileType = sourcecode.swift; path = BreathViewModel.swift; sourceTree = "<group>"; };
		2361755E24E3300B0052AB01 /* BreathRouter.swift */ = {isa = PBXFileReference; lastKnownFileType = sourcecode.swift; path = BreathRouter.swift; sourceTree = "<group>"; };
		2361759F24E336560052AB01 /* Router.swift */ = {isa = PBXFileReference; lastKnownFileType = sourcecode.swift; path = Router.swift; sourceTree = "<group>"; };
		236175A124E336830052AB01 /* AppRouter.swift */ = {isa = PBXFileReference; lastKnownFileType = sourcecode.swift; path = AppRouter.swift; sourceTree = "<group>"; };
		236175A424E3383D0052AB01 /* PulsatoryView.swift */ = {isa = PBXFileReference; lastKnownFileType = sourcecode.swift; path = PulsatoryView.swift; sourceTree = "<group>"; };
		236175A624E349540052AB01 /* Circle.swift */ = {isa = PBXFileReference; lastKnownFileType = sourcecode.swift; path = Circle.swift; sourceTree = "<group>"; };
		2399630C24E467D0008A6768 /* Margin.swift */ = {isa = PBXFileReference; lastKnownFileType = sourcecode.swift; path = Margin.swift; sourceTree = "<group>"; };
		2399630F24E468A5008A6768 /* UIView+AutoLayout.swift */ = {isa = PBXFileReference; lastKnownFileType = sourcecode.swift; path = "UIView+AutoLayout.swift"; sourceTree = "<group>"; };
		2399635324E469F5008A6768 /* MenuViewController.swift */ = {isa = PBXFileReference; lastKnownFileType = sourcecode.swift; path = MenuViewController.swift; sourceTree = "<group>"; };
		2399635424E469F5008A6768 /* MenuViewController.xib */ = {isa = PBXFileReference; lastKnownFileType = file.xib; path = MenuViewController.xib; sourceTree = "<group>"; };
		2399635724E46A0D008A6768 /* MenuViewModel.swift */ = {isa = PBXFileReference; lastKnownFileType = sourcecode.swift; path = MenuViewModel.swift; sourceTree = "<group>"; };
		2399635924E46A18008A6768 /* MenuRouter.swift */ = {isa = PBXFileReference; lastKnownFileType = sourcecode.swift; path = MenuRouter.swift; sourceTree = "<group>"; };
		2399636224E4705E008A6768 /* UITableViewCellProvider.swift */ = {isa = PBXFileReference; lastKnownFileType = sourcecode.swift; path = UITableViewCellProvider.swift; sourceTree = "<group>"; };
		2399636424E47093008A6768 /* UITableView+Register.swift */ = {isa = PBXFileReference; lastKnownFileType = sourcecode.swift; path = "UITableView+Register.swift"; sourceTree = "<group>"; };
		2399636624E471B3008A6768 /* MenuCellProvider.swift */ = {isa = PBXFileReference; lastKnownFileType = sourcecode.swift; path = MenuCellProvider.swift; sourceTree = "<group>"; };
		2399636924E4721C008A6768 /* MenuCollectionViewAdapter.swift */ = {isa = PBXFileReference; lastKnownFileType = sourcecode.swift; path = MenuCollectionViewAdapter.swift; sourceTree = "<group>"; };
		2399636C24E472EC008A6768 /* MenuViewData.swift */ = {isa = PBXFileReference; lastKnownFileType = sourcecode.swift; path = MenuViewData.swift; sourceTree = "<group>"; };
		239D4FC4253DF3DC00A61D73 /* GradientView.swift */ = {isa = PBXFileReference; lastKnownFileType = sourcecode.swift; path = GradientView.swift; sourceTree = "<group>"; };
		239D4FC9253DF3FA00A61D73 /* Gradient.swift */ = {isa = PBXFileReference; lastKnownFileType = sourcecode.swift; path = Gradient.swift; sourceTree = "<group>"; };
		23A69DD324E817F000B205CC /* Board.swift */ = {isa = PBXFileReference; lastKnownFileType = sourcecode.swift; path = Board.swift; sourceTree = "<group>"; };
		23A69DD624E8250D00B205CC /* Collection+Safe.swift */ = {isa = PBXFileReference; lastKnownFileType = sourcecode.swift; path = "Collection+Safe.swift"; sourceTree = "<group>"; };
		23A69DD924E8273400B205CC /* BoardItem.swift */ = {isa = PBXFileReference; lastKnownFileType = sourcecode.swift; path = BoardItem.swift; sourceTree = "<group>"; };
		23A69DDB24E8278B00B205CC /* BoardRow.swift */ = {isa = PBXFileReference; lastKnownFileType = sourcecode.swift; path = BoardRow.swift; sourceTree = "<group>"; };
		23A69E5D24E82A1E00B205CC /* BoardSetupFactory.swift */ = {isa = PBXFileReference; lastKnownFileType = sourcecode.swift; path = BoardSetupFactory.swift; sourceTree = "<group>"; };
		23A69E5F24E82B4D00B205CC /* DefaultBoardEngine.swift */ = {isa = PBXFileReference; lastKnownFileType = sourcecode.swift; path = DefaultBoardEngine.swift; sourceTree = "<group>"; };
		23A69E6324E82CB300B205CC /* LightState.swift */ = {isa = PBXFileReference; lastKnownFileType = sourcecode.swift; path = LightState.swift; sourceTree = "<group>"; };
		23A69E6524E82EB100B205CC /* LightStateReducer.swift */ = {isa = PBXFileReference; lastKnownFileType = sourcecode.swift; path = LightStateReducer.swift; sourceTree = "<group>"; };
		23A69E6924E8356800B205CC /* BoardEngine.swift */ = {isa = PBXFileReference; lastKnownFileType = sourcecode.swift; path = BoardEngine.swift; sourceTree = "<group>"; };
		23AB23BE24E954C10028E4EB /* BoardRouter.swift */ = {isa = PBXFileReference; lastKnownFileType = sourcecode.swift; path = BoardRouter.swift; sourceTree = "<group>"; };
		23AB23C024E954F90028E4EB /* BoardViewController.swift */ = {isa = PBXFileReference; lastKnownFileType = sourcecode.swift; path = BoardViewController.swift; sourceTree = "<group>"; };
		23AB23C124E954F90028E4EB /* BoardViewController.xib */ = {isa = PBXFileReference; lastKnownFileType = file.xib; path = BoardViewController.xib; sourceTree = "<group>"; };
		23AB23C424E955040028E4EB /* BoardViewModel.swift */ = {isa = PBXFileReference; lastKnownFileType = sourcecode.swift; path = BoardViewModel.swift; sourceTree = "<group>"; };
		23AB23CA24E95C320028E4EB /* BoardView.swift */ = {isa = PBXFileReference; lastKnownFileType = sourcecode.swift; path = BoardView.swift; sourceTree = "<group>"; };
		23AB23CF24E95FF20028E4EB /* UICollectionView+Register.swift */ = {isa = PBXFileReference; lastKnownFileType = sourcecode.swift; path = "UICollectionView+Register.swift"; sourceTree = "<group>"; };
		23AB23D124E9600A0028E4EB /* UICollectionViewCellProvider.swift */ = {isa = PBXFileReference; lastKnownFileType = sourcecode.swift; path = UICollectionViewCellProvider.swift; sourceTree = "<group>"; };
		23AB23D424E960840028E4EB /* BoardCollectionViewCell.swift */ = {isa = PBXFileReference; lastKnownFileType = sourcecode.swift; path = BoardCollectionViewCell.swift; sourceTree = "<group>"; };
		23AB23D524E960840028E4EB /* BoardCollectionViewCell.xib */ = {isa = PBXFileReference; lastKnownFileType = file.xib; path = BoardCollectionViewCell.xib; sourceTree = "<group>"; };
		23AB23D924E96A5F0028E4EB /* BoardCollectionViewAdapter.swift */ = {isa = PBXFileReference; lastKnownFileType = sourcecode.swift; path = BoardCollectionViewAdapter.swift; sourceTree = "<group>"; };
		23AB23DB24E96A7A0028E4EB /* BoardCellProvider.swift */ = {isa = PBXFileReference; lastKnownFileType = sourcecode.swift; path = BoardCellProvider.swift; sourceTree = "<group>"; };
		23AB247024E98CF80028E4EB /* BoardViewData.swift */ = {isa = PBXFileReference; lastKnownFileType = sourcecode.swift; path = BoardViewData.swift; sourceTree = "<group>"; };
		23AB247424E98DB40028E4EB /* BoardViewDataMapper.swift */ = {isa = PBXFileReference; lastKnownFileType = sourcecode.swift; path = BoardViewDataMapper.swift; sourceTree = "<group>"; };
		23B6004925332BBA009A4BF5 /* LongPressGestureRecognizer.swift */ = {isa = PBXFileReference; lastKnownFileType = sourcecode.swift; path = LongPressGestureRecognizer.swift; sourceTree = "<group>"; };
		23B6004B25332C38009A4BF5 /* UIView+Tap.swift */ = {isa = PBXFileReference; lastKnownFileType = sourcecode.swift; path = "UIView+Tap.swift"; sourceTree = "<group>"; };
		23B6004D25334058009A4BF5 /* RouterChannel.swift */ = {isa = PBXFileReference; lastKnownFileType = sourcecode.swift; path = RouterChannel.swift; sourceTree = "<group>"; };
		23B6004F25334068009A4BF5 /* BaseRouter.swift */ = {isa = PBXFileReference; lastKnownFileType = sourcecode.swift; path = BaseRouter.swift; sourceTree = "<group>"; };
		23B6FFFB25331408009A4BF5 /* MenuCollectionViewCell.swift */ = {isa = PBXFileReference; lastKnownFileType = sourcecode.swift; path = MenuCollectionViewCell.swift; sourceTree = "<group>"; };
		23B6FFFC25331408009A4BF5 /* MenuCollectionViewCell.xib */ = {isa = PBXFileReference; lastKnownFileType = file.xib; path = MenuCollectionViewCell.xib; sourceTree = "<group>"; };
		23FFE71024E9EEED0043CEA0 /* UIView+Margin.swift */ = {isa = PBXFileReference; lastKnownFileType = sourcecode.swift; path = "UIView+Margin.swift"; sourceTree = "<group>"; };
		23FFE71224E9EF7A0043CEA0 /* HapticFeedback.swift */ = {isa = PBXFileReference; lastKnownFileType = sourcecode.swift; path = HapticFeedback.swift; sourceTree = "<group>"; };
/* End PBXFileReference section */

/* Begin PBXFrameworksBuildPhase section */
		2322813524E860DF00F28378 /* Frameworks */ = {
			isa = PBXFrameworksBuildPhase;
			buildActionMask = 2147483647;
			files = (
			);
			runOnlyForDeploymentPostprocessing = 0;
		};
		2361752524E329460052AB01 /* Frameworks */ = {
			isa = PBXFrameworksBuildPhase;
			buildActionMask = 2147483647;
			files = (
				23AB23E124E96B670028E4EB /* RxCocoa in Frameworks */,
				23AB23DF24E96B670028E4EB /* RxSwift in Frameworks */,
			);
			runOnlyForDeploymentPostprocessing = 0;
		};
/* End PBXFrameworksBuildPhase section */

/* Begin PBXGroup section */
		2319A1A6253CA5DD00B40F5A /* Extensions */ = {
			isa = PBXGroup;
			children = (
				2319A1A7253CA5ED00B40F5A /* String+Exists.swift */,
			);
			path = Extensions;
			sourceTree = "<group>";
		};
		231E04A9253C9E7300102130 /* Model */ = {
			isa = PBXGroup;
			children = (
				234E52E925389D3F001A696F /* AlertBuilder.swift */,
				231E04AA253C9E7900102130 /* Alert.swift */,
			);
			path = Model;
			sourceTree = "<group>";
		};
		232280E724E85E3000F28378 /* Sources */ = {
			isa = PBXGroup;
			children = (
				2322815824E8780800F28378 /* Core */,
				232280E824E85E4E00F28378 /* Scenes */,
			);
			path = Sources;
			sourceTree = "<group>";
		};
		232280E824E85E4E00F28378 /* Scenes */ = {
			isa = PBXGroup;
			children = (
				232280E924E85E5400F28378 /* LightsOut */,
			);
			path = Scenes;
			sourceTree = "<group>";
		};
		232280E924E85E5400F28378 /* LightsOut */ = {
			isa = PBXGroup;
			children = (
				2322815524E872B800F28378 /* API */,
				2322814624E861CF00F28378 /* Infrastructure */,
				232280EA24E85E6400F28378 /* Domain */,
			);
			path = LightsOut;
			sourceTree = "<group>";
		};
		232280EA24E85E6400F28378 /* Domain */ = {
			isa = PBXGroup;
			children = (
				232280EB24E85E7500F28378 /* LightStateReducerTests.swift */,
			);
			path = Domain;
			sourceTree = "<group>";
		};
		2322813924E860DF00F28378 /* HushTests */ = {
			isa = PBXGroup;
			children = (
				2322814524E8615A00F28378 /* Resources */,
				232280E724E85E3000F28378 /* Sources */,
			);
			path = HushTests;
			sourceTree = "<group>";
		};
		2322814524E8615A00F28378 /* Resources */ = {
			isa = PBXGroup;
			children = (
				2322813C24E860DF00F28378 /* Info.plist */,
			);
			path = Resources;
			sourceTree = "<group>";
		};
		2322814624E861CF00F28378 /* Infrastructure */ = {
			isa = PBXGroup;
			children = (
				2322814724E8621A00F28378 /* BoardSetupTests.swift */,
				2322814E24E8670800F28378 /* DefaultBoardEngineTests.swift */,
				2322815024E86F8C00F28378 /* BoardSetupFactoryTests.swift */,
				230D189424EAD9CD0075FE89 /* BoardSolutionTests.swift */,
			);
			path = Infrastructure;
			sourceTree = "<group>";
		};
		2322814924E8662C00F28378 /* TestDoubles */ = {
			isa = PBXGroup;
			children = (
				2322814A24E8667100F28378 /* StubBoardRowBuilder.swift */,
				2322815224E8723C00F28378 /* SpyBoardEngine.swift */,
			);
			path = TestDoubles;
			sourceTree = "<group>";
		};
		2322815524E872B800F28378 /* API */ = {
			isa = PBXGroup;
			children = (
				2322815624E872C000F28378 /* BoardTests.swift */,
			);
			path = API;
			sourceTree = "<group>";
		};
		2322815824E8780800F28378 /* Core */ = {
			isa = PBXGroup;
			children = (
				2322815924E8781000F28378 /* Margins */,
			);
			path = Core;
			sourceTree = "<group>";
		};
		2322815924E8781000F28378 /* Margins */ = {
			isa = PBXGroup;
			children = (
				2322815A24E8781B00F28378 /* MarginTests.swift */,
			);
			path = Margins;
			sourceTree = "<group>";
		};
		234E52DE25389C25001A696F /* Alert */ = {
			isa = PBXGroup;
			children = (
				231E04A9253C9E7300102130 /* Model */,
				234E537F2538C13B001A696F /* View */,
				234E52E125389C6E001A696F /* Presenter */,
				234E52E025389C69001A696F /* ViewModel */,
				234E52DF25389C60001A696F /* ViewController */,
			);
			path = Alert;
			sourceTree = "<group>";
		};
		234E52DF25389C60001A696F /* ViewController */ = {
			isa = PBXGroup;
			children = (
				234E53792538ACEE001A696F /* AlertViewController.swift */,
				234E537A2538ACEE001A696F /* AlertViewController.xib */,
			);
			path = ViewController;
			sourceTree = "<group>";
		};
		234E52E025389C69001A696F /* ViewModel */ = {
			isa = PBXGroup;
			children = (
				231E04A5253C9E5A00102130 /* AlertViewModel.swift */,
			);
			path = ViewModel;
			sourceTree = "<group>";
		};
		234E52E125389C6E001A696F /* Presenter */ = {
			isa = PBXGroup;
			children = (
				231E049D253C9E3B00102130 /* AlertPresenter.swift */,
			);
			path = Presenter;
			sourceTree = "<group>";
		};
		234E537F2538C13B001A696F /* View */ = {
			isa = PBXGroup;
			children = (
				234E53802538C151001A696F /* AlertView.swift */,
			);
			path = View;
			sourceTree = "<group>";
		};
		235409C024EC4A5B007B8571 /* Extensions */ = {
			isa = PBXGroup;
			children = (
				235409C124EC4A8E007B8571 /* BoardScore+Display.swift */,
			);
			path = Extensions;
			sourceTree = "<group>";
		};
		2361751F24E329460052AB01 = {
			isa = PBXGroup;
			children = (
				2361752A24E329460052AB01 /* Hush */,
				2322813924E860DF00F28378 /* HushTests */,
				2361752924E329460052AB01 /* Products */,
			);
			sourceTree = "<group>";
		};
		2361752924E329460052AB01 /* Products */ = {
			isa = PBXGroup;
			children = (
				2361752824E329460052AB01 /* Hush.app */,
				2322813824E860DF00F28378 /* HushTests.xctest */,
			);
			name = Products;
			sourceTree = "<group>";
		};
		2361752A24E329460052AB01 /* Hush */ = {
			isa = PBXGroup;
			children = (
				2361754E24E32AD10052AB01 /* Resources */,
				2361754D24E32ACC0052AB01 /* Sources */,
			);
			path = Hush;
			sourceTree = "<group>";
		};
		2361754D24E32ACC0052AB01 /* Sources */ = {
			isa = PBXGroup;
			children = (
				23B6004725332B9D009A4BF5 /* Tools */,
				236175A324E337630052AB01 /* ViewComponents */,
				2361754F24E32AF70052AB01 /* Core */,
				2361755324E32BA60052AB01 /* Scenes */,
			);
			path = Sources;
			sourceTree = "<group>";
		};
		2361754E24E32AD10052AB01 /* Resources */ = {
			isa = PBXGroup;
			children = (
				2361753924E329470052AB01 /* Info.plist */,
				2361753624E329470052AB01 /* LaunchScreen.storyboard */,
				2361753424E329470052AB01 /* Assets.xcassets */,
			);
			path = Resources;
			sourceTree = "<group>";
		};
		2361754F24E32AF70052AB01 /* Core */ = {
			isa = PBXGroup;
			children = (
				23A69DD524E8250000B205CC /* Tools */,
				2399636124E47043008A6768 /* CellProviders */,
				2399630B24E467C1008A6768 /* Margins */,
				2361759E24E3364D0052AB01 /* Routing */,
				2361755124E32B550052AB01 /* NavigationController.swift */,
				2361752B24E329460052AB01 /* AppDelegate.swift */,
				2361752D24E329460052AB01 /* SceneDelegate.swift */,
			);
			path = Core;
			sourceTree = "<group>";
		};
		2361755324E32BA60052AB01 /* Scenes */ = {
			isa = PBXGroup;
			children = (
				234E52DE25389C25001A696F /* Alert */,
				23A69DD224E817E200B205CC /* LightsOut */,
				2399634F24E469D4008A6768 /* Menu */,
				2361755424E32BB00052AB01 /* Breath */,
			);
			path = Scenes;
			sourceTree = "<group>";
		};
		2361755424E32BB00052AB01 /* Breath */ = {
			isa = PBXGroup;
			children = (
				2361755D24E32FFE0052AB01 /* Router */,
				2361755A24E32F6B0052AB01 /* ViewModel */,
				2361755524E32BEA0052AB01 /* ViewController */,
			);
			path = Breath;
			sourceTree = "<group>";
		};
		2361755524E32BEA0052AB01 /* ViewController */ = {
			isa = PBXGroup;
			children = (
				2361755624E32F670052AB01 /* BreathViewController.swift */,
				2361755724E32F670052AB01 /* BreathViewController.xib */,
			);
			path = ViewController;
			sourceTree = "<group>";
		};
		2361755A24E32F6B0052AB01 /* ViewModel */ = {
			isa = PBXGroup;
			children = (
				2361755B24E32F790052AB01 /* BreathViewModel.swift */,
			);
			path = ViewModel;
			sourceTree = "<group>";
		};
		2361755D24E32FFE0052AB01 /* Router */ = {
			isa = PBXGroup;
			children = (
				2361755E24E3300B0052AB01 /* BreathRouter.swift */,
			);
			path = Router;
			sourceTree = "<group>";
		};
		2361759E24E3364D0052AB01 /* Routing */ = {
			isa = PBXGroup;
			children = (
				2361759F24E336560052AB01 /* Router.swift */,
				236175A124E336830052AB01 /* AppRouter.swift */,
				23B6004D25334058009A4BF5 /* RouterChannel.swift */,
				23B6004F25334068009A4BF5 /* BaseRouter.swift */,
			);
			path = Routing;
			sourceTree = "<group>";
		};
		236175A324E337630052AB01 /* ViewComponents */ = {
			isa = PBXGroup;
			children = (
				239D4FC8253DF3EE00A61D73 /* Gradient */,
				2399630E24E4688D008A6768 /* Extensions */,
				236175A424E3383D0052AB01 /* PulsatoryView.swift */,
				236175A624E349540052AB01 /* Circle.swift */,
			);
			path = ViewComponents;
			sourceTree = "<group>";
		};
		2399630B24E467C1008A6768 /* Margins */ = {
			isa = PBXGroup;
			children = (
				2399630C24E467D0008A6768 /* Margin.swift */,
			);
			path = Margins;
			sourceTree = "<group>";
		};
		2399630E24E4688D008A6768 /* Extensions */ = {
			isa = PBXGroup;
			children = (
				2399630F24E468A5008A6768 /* UIView+AutoLayout.swift */,
				23FFE71024E9EEED0043CEA0 /* UIView+Margin.swift */,
				23B6004B25332C38009A4BF5 /* UIView+Tap.swift */,
				23523C16253E1002008C6875 /* UIView+Background.swift */,
				23523C1A253E10C9008C6875 /* UIColor+Dynamic.swift */,
			);
			path = Extensions;
			sourceTree = "<group>";
		};
		2399634F24E469D4008A6768 /* Menu */ = {
			isa = PBXGroup;
			children = (
				2399635224E469E5008A6768 /* Router */,
				2399635124E469DF008A6768 /* ViewModel */,
				2399635024E469DA008A6768 /* ViewController */,
			);
			path = Menu;
			sourceTree = "<group>";
		};
		2399635024E469DA008A6768 /* ViewController */ = {
			isa = PBXGroup;
			children = (
				2399636824E4720C008A6768 /* TableView */,
				2399635324E469F5008A6768 /* MenuViewController.swift */,
				2399635424E469F5008A6768 /* MenuViewController.xib */,
			);
			path = ViewController;
			sourceTree = "<group>";
		};
		2399635124E469DF008A6768 /* ViewModel */ = {
			isa = PBXGroup;
			children = (
				2399636B24E472E0008A6768 /* ViewData */,
				2399635724E46A0D008A6768 /* MenuViewModel.swift */,
			);
			path = ViewModel;
			sourceTree = "<group>";
		};
		2399635224E469E5008A6768 /* Router */ = {
			isa = PBXGroup;
			children = (
				2399635924E46A18008A6768 /* MenuRouter.swift */,
			);
			path = Router;
			sourceTree = "<group>";
		};
		2399635B24E46FBA008A6768 /* Cells */ = {
			isa = PBXGroup;
			children = (
				23B6FFFB25331408009A4BF5 /* MenuCollectionViewCell.swift */,
				23B6FFFC25331408009A4BF5 /* MenuCollectionViewCell.xib */,
			);
			path = Cells;
			sourceTree = "<group>";
		};
		2399636124E47043008A6768 /* CellProviders */ = {
			isa = PBXGroup;
			children = (
				23AB23CE24E95FDD0028E4EB /* Collection */,
				23AB23CD24E95FD90028E4EB /* Table */,
			);
			path = CellProviders;
			sourceTree = "<group>";
		};
		2399636824E4720C008A6768 /* TableView */ = {
			isa = PBXGroup;
			children = (
				2399636624E471B3008A6768 /* MenuCellProvider.swift */,
				2399635B24E46FBA008A6768 /* Cells */,
				2399636924E4721C008A6768 /* MenuCollectionViewAdapter.swift */,
			);
			path = TableView;
			sourceTree = "<group>";
		};
		2399636B24E472E0008A6768 /* ViewData */ = {
			isa = PBXGroup;
			children = (
				2399636C24E472EC008A6768 /* MenuViewData.swift */,
			);
			path = ViewData;
			sourceTree = "<group>";
		};
		239D4FC8253DF3EE00A61D73 /* Gradient */ = {
			isa = PBXGroup;
			children = (
				239D4FC4253DF3DC00A61D73 /* GradientView.swift */,
				239D4FC9253DF3FA00A61D73 /* Gradient.swift */,
			);
			path = Gradient;
			sourceTree = "<group>";
		};
		23A69DD224E817E200B205CC /* LightsOut */ = {
			isa = PBXGroup;
			children = (
				23AB23C924E95C260028E4EB /* View */,
				23AB23BD24E9549B0028E4EB /* Router */,
				23AB23BC24E954960028E4EB /* ViewModel */,
				23AB23BB24E954870028E4EB /* ViewController */,
				23A69E5B24E829FD00B205CC /* API */,
				23A69E5C24E82A0300B205CC /* Infrastructure */,
				23A69DD824E8272300B205CC /* Domain */,
			);
			path = LightsOut;
			sourceTree = "<group>";
		};
		23A69DD524E8250000B205CC /* Tools */ = {
			isa = PBXGroup;
			children = (
				23A69DD624E8250D00B205CC /* Collection+Safe.swift */,
				23FFE71224E9EF7A0043CEA0 /* HapticFeedback.swift */,
				235409C424EC5AC2007B8571 /* Color.swift */,
			);
			path = Tools;
			sourceTree = "<group>";
		};
		23A69DD824E8272300B205CC /* Domain */ = {
			isa = PBXGroup;
			children = (
				23A69E6824E82EDB00B205CC /* Board */,
				23A69E6724E82ED200B205CC /* State */,
			);
			path = Domain;
			sourceTree = "<group>";
		};
		23A69E5B24E829FD00B205CC /* API */ = {
			isa = PBXGroup;
			children = (
				23A69DD324E817F000B205CC /* Board.swift */,
			);
			path = API;
			sourceTree = "<group>";
		};
		23A69E5C24E82A0300B205CC /* Infrastructure */ = {
			isa = PBXGroup;
			children = (
				23A69E5D24E82A1E00B205CC /* BoardSetupFactory.swift */,
				23A69E5F24E82B4D00B205CC /* DefaultBoardEngine.swift */,
				232280E124E8598500F28378 /* BoardBuilder.swift */,
				232280E524E85CA800F28378 /* BoardSetup.swift */,
				230D189024EAD9420075FE89 /* BoardSolution.swift */,
			);
			path = Infrastructure;
			sourceTree = "<group>";
		};
		23A69E6724E82ED200B205CC /* State */ = {
			isa = PBXGroup;
			children = (
				23A69E6324E82CB300B205CC /* LightState.swift */,
				23A69E6524E82EB100B205CC /* LightStateReducer.swift */,
			);
			path = State;
			sourceTree = "<group>";
		};
		23A69E6824E82EDB00B205CC /* Board */ = {
			isa = PBXGroup;
			children = (
				2322814924E8662C00F28378 /* TestDoubles */,
				23A69DD924E8273400B205CC /* BoardItem.swift */,
				23A69DDB24E8278B00B205CC /* BoardRow.swift */,
				23A69E6924E8356800B205CC /* BoardEngine.swift */,
				232280E324E8599F00F28378 /* BoardSize.swift */,
				230D189224EAD99F0075FE89 /* BoardPosition.swift */,
				2354097D24EC3C0E007B8571 /* BoardScore.swift */,
			);
			path = Board;
			sourceTree = "<group>";
		};
		23AB23BB24E954870028E4EB /* ViewController */ = {
			isa = PBXGroup;
			children = (
				23AB23D824E96A4F0028E4EB /* CollectionView */,
				23AB23C024E954F90028E4EB /* BoardViewController.swift */,
				23AB23C124E954F90028E4EB /* BoardViewController.xib */,
			);
			path = ViewController;
			sourceTree = "<group>";
		};
		23AB23BC24E954960028E4EB /* ViewModel */ = {
			isa = PBXGroup;
			children = (
				235409C024EC4A5B007B8571 /* Extensions */,
				23AB247324E98DA70028E4EB /* Mappers */,
				23AB247224E98D0F0028E4EB /* ViewData */,
				23AB23C424E955040028E4EB /* BoardViewModel.swift */,
			);
			path = ViewModel;
			sourceTree = "<group>";
		};
		23AB23BD24E9549B0028E4EB /* Router */ = {
			isa = PBXGroup;
			children = (
				23AB23BE24E954C10028E4EB /* BoardRouter.swift */,
			);
			path = Router;
			sourceTree = "<group>";
		};
		23AB23C924E95C260028E4EB /* View */ = {
			isa = PBXGroup;
			children = (
				23AB23CA24E95C320028E4EB /* BoardView.swift */,
			);
			path = View;
			sourceTree = "<group>";
		};
		23AB23CC24E95F570028E4EB /* Cells */ = {
			isa = PBXGroup;
			children = (
				23AB23D424E960840028E4EB /* BoardCollectionViewCell.swift */,
				23AB23D524E960840028E4EB /* BoardCollectionViewCell.xib */,
			);
			path = Cells;
			sourceTree = "<group>";
		};
		23AB23CD24E95FD90028E4EB /* Table */ = {
			isa = PBXGroup;
			children = (
				2399636224E4705E008A6768 /* UITableViewCellProvider.swift */,
				2399636424E47093008A6768 /* UITableView+Register.swift */,
			);
			path = Table;
			sourceTree = "<group>";
		};
		23AB23CE24E95FDD0028E4EB /* Collection */ = {
			isa = PBXGroup;
			children = (
				23AB23D124E9600A0028E4EB /* UICollectionViewCellProvider.swift */,
				23AB23CF24E95FF20028E4EB /* UICollectionView+Register.swift */,
			);
			path = Collection;
			sourceTree = "<group>";
		};
		23AB23D824E96A4F0028E4EB /* CollectionView */ = {
			isa = PBXGroup;
			children = (
				23AB23CC24E95F570028E4EB /* Cells */,
				23AB23D924E96A5F0028E4EB /* BoardCollectionViewAdapter.swift */,
				23AB23DB24E96A7A0028E4EB /* BoardCellProvider.swift */,
			);
			path = CollectionView;
			sourceTree = "<group>";
		};
		23AB247224E98D0F0028E4EB /* ViewData */ = {
			isa = PBXGroup;
			children = (
				23AB247024E98CF80028E4EB /* BoardViewData.swift */,
			);
			path = ViewData;
			sourceTree = "<group>";
		};
		23AB247324E98DA70028E4EB /* Mappers */ = {
			isa = PBXGroup;
			children = (
				23AB247424E98DB40028E4EB /* BoardViewDataMapper.swift */,
			);
			path = Mappers;
			sourceTree = "<group>";
		};
		23B6004725332B9D009A4BF5 /* Tools */ = {
			isa = PBXGroup;
			children = (
				2319A1A6253CA5DD00B40F5A /* Extensions */,
				23B6004825332BAE009A4BF5 /* GestureRecognizer */,
			);
			path = Tools;
			sourceTree = "<group>";
		};
		23B6004825332BAE009A4BF5 /* GestureRecognizer */ = {
			isa = PBXGroup;
			children = (
				23B6004925332BBA009A4BF5 /* LongPressGestureRecognizer.swift */,
			);
			path = GestureRecognizer;
			sourceTree = "<group>";
		};
/* End PBXGroup section */

/* Begin PBXNativeTarget section */
		2322813724E860DF00F28378 /* HushTests */ = {
			isa = PBXNativeTarget;
			buildConfigurationList = 2322813F24E860DF00F28378 /* Build configuration list for PBXNativeTarget "HushTests" */;
			buildPhases = (
				2322813424E860DF00F28378 /* Sources */,
				2322813524E860DF00F28378 /* Frameworks */,
				2322813624E860DF00F28378 /* Resources */,
			);
			buildRules = (
			);
			dependencies = (
				2322813E24E860DF00F28378 /* PBXTargetDependency */,
			);
			name = HushTests;
			productName = HushTests;
			productReference = 2322813824E860DF00F28378 /* HushTests.xctest */;
			productType = "com.apple.product-type.bundle.unit-test";
		};
		2361752724E329460052AB01 /* Hush */ = {
			isa = PBXNativeTarget;
			buildConfigurationList = 2361754724E329470052AB01 /* Build configuration list for PBXNativeTarget "Hush" */;
			buildPhases = (
				2361752424E329460052AB01 /* Sources */,
				2361752524E329460052AB01 /* Frameworks */,
				2361752624E329460052AB01 /* Resources */,
			);
			buildRules = (
			);
			dependencies = (
			);
			name = Hush;
			packageProductDependencies = (
				23AB23DE24E96B670028E4EB /* RxSwift */,
				23AB23E024E96B670028E4EB /* RxCocoa */,
			);
			productName = Hush;
			productReference = 2361752824E329460052AB01 /* Hush.app */;
			productType = "com.apple.product-type.application";
		};
/* End PBXNativeTarget section */

/* Begin PBXProject section */
		2361752024E329460052AB01 /* Project object */ = {
			isa = PBXProject;
			attributes = {
				LastSwiftUpdateCheck = 1140;
				LastUpgradeCheck = 1140;
				ORGANIZATIONNAME = Kryg;
				TargetAttributes = {
					2322813724E860DF00F28378 = {
						CreatedOnToolsVersion = 11.4.1;
						LastSwiftMigration = 1140;
						TestTargetID = 2361752724E329460052AB01;
					};
					2361752724E329460052AB01 = {
						CreatedOnToolsVersion = 11.4.1;
					};
				};
			};
			buildConfigurationList = 2361752324E329460052AB01 /* Build configuration list for PBXProject "Hush" */;
			compatibilityVersion = "Xcode 9.3";
			developmentRegion = en;
			hasScannedForEncodings = 0;
			knownRegions = (
				en,
				Base,
			);
			mainGroup = 2361751F24E329460052AB01;
			packageReferences = (
				23AB23DD24E96B670028E4EB /* XCRemoteSwiftPackageReference "RxSwift" */,
			);
			productRefGroup = 2361752924E329460052AB01 /* Products */;
			projectDirPath = "";
			projectRoot = "";
			targets = (
				2361752724E329460052AB01 /* Hush */,
				2322813724E860DF00F28378 /* HushTests */,
			);
		};
/* End PBXProject section */

/* Begin PBXResourcesBuildPhase section */
		2322813624E860DF00F28378 /* Resources */ = {
			isa = PBXResourcesBuildPhase;
			buildActionMask = 2147483647;
			files = (
			);
			runOnlyForDeploymentPostprocessing = 0;
		};
		2361752624E329460052AB01 /* Resources */ = {
			isa = PBXResourcesBuildPhase;
			buildActionMask = 2147483647;
			files = (
				2361755924E32F670052AB01 /* BreathViewController.xib in Resources */,
				23AB23C324E954F90028E4EB /* BoardViewController.xib in Resources */,
				2361753824E329470052AB01 /* LaunchScreen.storyboard in Resources */,
				2361753524E329470052AB01 /* Assets.xcassets in Resources */,
				23AB23D724E960840028E4EB /* BoardCollectionViewCell.xib in Resources */,
				2399635624E469F5008A6768 /* MenuViewController.xib in Resources */,
				23B6FFFE25331408009A4BF5 /* MenuCollectionViewCell.xib in Resources */,
				234E537C2538ACEE001A696F /* AlertViewController.xib in Resources */,
			);
			runOnlyForDeploymentPostprocessing = 0;
		};
/* End PBXResourcesBuildPhase section */

/* Begin PBXSourcesBuildPhase section */
		2322813424E860DF00F28378 /* Sources */ = {
			isa = PBXSourcesBuildPhase;
			buildActionMask = 2147483647;
			files = (
				2322814D24E8669600F28378 /* StubBoardRowBuilder.swift in Sources */,
				2322815424E8724400F28378 /* SpyBoardEngine.swift in Sources */,
				2322815124E86F8C00F28378 /* BoardSetupFactoryTests.swift in Sources */,
				2322814824E8621A00F28378 /* BoardSetupTests.swift in Sources */,
				2322814F24E8670800F28378 /* DefaultBoardEngineTests.swift in Sources */,
				2322815B24E8781B00F28378 /* MarginTests.swift in Sources */,
				230D189524EAD9CD0075FE89 /* BoardSolutionTests.swift in Sources */,
				2322815724E872C000F28378 /* BoardTests.swift in Sources */,
				2322814424E8614700F28378 /* LightStateReducerTests.swift in Sources */,
			);
			runOnlyForDeploymentPostprocessing = 0;
		};
		2361752424E329460052AB01 /* Sources */ = {
			isa = PBXSourcesBuildPhase;
			buildActionMask = 2147483647;
			files = (
				23B6004E25334058009A4BF5 /* RouterChannel.swift in Sources */,
				2399636524E47093008A6768 /* UITableView+Register.swift in Sources */,
				2399636724E471B3008A6768 /* MenuCellProvider.swift in Sources */,
				231E04A6253C9E5A00102130 /* AlertViewModel.swift in Sources */,
				23A69E6024E82B4D00B205CC /* DefaultBoardEngine.swift in Sources */,
				234E537B2538ACEE001A696F /* AlertViewController.swift in Sources */,
				2399636D24E472EC008A6768 /* MenuViewData.swift in Sources */,
				23A69DDC24E8278B00B205CC /* BoardRow.swift in Sources */,
				23A69DD724E8250D00B205CC /* Collection+Safe.swift in Sources */,
				23B6005025334068009A4BF5 /* BaseRouter.swift in Sources */,
				2361755224E32B550052AB01 /* NavigationController.swift in Sources */,
				230D189324EAD99F0075FE89 /* BoardPosition.swift in Sources */,
				23AB23D624E960840028E4EB /* BoardCollectionViewCell.swift in Sources */,
				2354097E24EC3C0E007B8571 /* BoardScore.swift in Sources */,
				234E52EA25389D3F001A696F /* AlertBuilder.swift in Sources */,
				23A69DD424E817F000B205CC /* Board.swift in Sources */,
				2399635824E46A0D008A6768 /* MenuViewModel.swift in Sources */,
				231E04AB253C9E7900102130 /* Alert.swift in Sources */,
				2399631024E468A5008A6768 /* UIView+AutoLayout.swift in Sources */,
				23FFE71124E9EEED0043CEA0 /* UIView+Margin.swift in Sources */,
				2361752C24E329460052AB01 /* AppDelegate.swift in Sources */,
				23AB23D224E9600A0028E4EB /* UICollectionViewCellProvider.swift in Sources */,
				2361755824E32F670052AB01 /* BreathViewController.swift in Sources */,
				239D4FCA253DF3FA00A61D73 /* Gradient.swift in Sources */,
				236175A524E3383D0052AB01 /* PulsatoryView.swift in Sources */,
				232280E424E8599F00F28378 /* BoardSize.swift in Sources */,
				230D189124EAD9420075FE89 /* BoardSolution.swift in Sources */,
				23AB23C224E954F90028E4EB /* BoardViewController.swift in Sources */,
				236175A024E336560052AB01 /* Router.swift in Sources */,
				23A69E6A24E8356800B205CC /* BoardEngine.swift in Sources */,
				236175A724E349540052AB01 /* Circle.swift in Sources */,
				2399635A24E46A18008A6768 /* MenuRouter.swift in Sources */,
				23A69E5E24E82A1E00B205CC /* BoardSetupFactory.swift in Sources */,
				232280E224E8598500F28378 /* BoardBuilder.swift in Sources */,
				23B6004C25332C38009A4BF5 /* UIView+Tap.swift in Sources */,
				23AB247124E98CF80028E4EB /* BoardViewData.swift in Sources */,
				23AB23D024E95FF20028E4EB /* UICollectionView+Register.swift in Sources */,
				2399635524E469F5008A6768 /* MenuViewController.swift in Sources */,
				23AB247524E98DB40028E4EB /* BoardViewDataMapper.swift in Sources */,
				23AB23C524E955040028E4EB /* BoardViewModel.swift in Sources */,
				236175A224E336830052AB01 /* AppRouter.swift in Sources */,
				23A69E6424E82CB300B205CC /* LightState.swift in Sources */,
				23A69DDA24E8273400B205CC /* BoardItem.swift in Sources */,
				23FFE71324E9EF7A0043CEA0 /* HapticFeedback.swift in Sources */,
				235409C524EC5AC2007B8571 /* Color.swift in Sources */,
				2319A1A8253CA5ED00B40F5A /* String+Exists.swift in Sources */,
				23AB23BF24E954C10028E4EB /* BoardRouter.swift in Sources */,
				23B6004A25332BBA009A4BF5 /* LongPressGestureRecognizer.swift in Sources */,
				2399636324E4705E008A6768 /* UITableViewCellProvider.swift in Sources */,
				2361752E24E329460052AB01 /* SceneDelegate.swift in Sources */,
				235409C224EC4A8E007B8571 /* BoardScore+Display.swift in Sources */,
				2361755F24E3300B0052AB01 /* BreathRouter.swift in Sources */,
				23B6FFFD25331408009A4BF5 /* MenuCollectionViewCell.swift in Sources */,
				2361755C24E32F790052AB01 /* BreathViewModel.swift in Sources */,
				239D4FC5253DF3DC00A61D73 /* GradientView.swift in Sources */,
				232280E624E85CA800F28378 /* BoardSetup.swift in Sources */,
				23AB23CB24E95C320028E4EB /* BoardView.swift in Sources */,
				23523C1B253E10C9008C6875 /* UIColor+Dynamic.swift in Sources */,
				23523C17253E1002008C6875 /* UIView+Background.swift in Sources */,
				23AB23DA24E96A5F0028E4EB /* BoardCollectionViewAdapter.swift in Sources */,
				23A69E6624E82EB100B205CC /* LightStateReducer.swift in Sources */,
				23AB23DC24E96A7A0028E4EB /* BoardCellProvider.swift in Sources */,
				234E53812538C151001A696F /* AlertView.swift in Sources */,
				231E049E253C9E3B00102130 /* AlertPresenter.swift in Sources */,
				2399636A24E4721C008A6768 /* MenuCollectionViewAdapter.swift in Sources */,
				2399630D24E467D0008A6768 /* Margin.swift in Sources */,
			);
			runOnlyForDeploymentPostprocessing = 0;
		};
/* End PBXSourcesBuildPhase section */

/* Begin PBXTargetDependency section */
		2322813E24E860DF00F28378 /* PBXTargetDependency */ = {
			isa = PBXTargetDependency;
			target = 2361752724E329460052AB01 /* Hush */;
			targetProxy = 2322813D24E860DF00F28378 /* PBXContainerItemProxy */;
		};
/* End PBXTargetDependency section */

/* Begin PBXVariantGroup section */
		2361753624E329470052AB01 /* LaunchScreen.storyboard */ = {
			isa = PBXVariantGroup;
			children = (
				2361753724E329470052AB01 /* Base */,
			);
			name = LaunchScreen.storyboard;
			sourceTree = "<group>";
		};
/* End PBXVariantGroup section */

/* Begin XCBuildConfiguration section */
		2322814024E860DF00F28378 /* Debug */ = {
			isa = XCBuildConfiguration;
			buildSettings = {
				BUNDLE_LOADER = "$(TEST_HOST)";
				CLANG_ENABLE_MODULES = YES;
				CODE_SIGN_STYLE = Automatic;
				DEVELOPMENT_TEAM = UX7WS379DF;
				INFOPLIST_FILE = HushTests/Resources/Info.plist;
				LD_RUNPATH_SEARCH_PATHS = (
					"$(inherited)",
					"@executable_path/Frameworks",
					"@loader_path/Frameworks",
				);
				PRODUCT_BUNDLE_IDENTIFIER = com.kryg.HushTests;
				PRODUCT_NAME = "$(TARGET_NAME)";
				SWIFT_OPTIMIZATION_LEVEL = "-Onone";
				SWIFT_VERSION = 5.0;
				TARGETED_DEVICE_FAMILY = "1,2";
				TEST_HOST = "$(BUILT_PRODUCTS_DIR)/Hush.app/Hush";
			};
			name = Debug;
		};
		2322814124E860DF00F28378 /* Release */ = {
			isa = XCBuildConfiguration;
			buildSettings = {
				BUNDLE_LOADER = "$(TEST_HOST)";
				CLANG_ENABLE_MODULES = YES;
				CODE_SIGN_STYLE = Automatic;
				DEVELOPMENT_TEAM = UX7WS379DF;
				INFOPLIST_FILE = HushTests/Resources/Info.plist;
				LD_RUNPATH_SEARCH_PATHS = (
					"$(inherited)",
					"@executable_path/Frameworks",
					"@loader_path/Frameworks",
				);
				PRODUCT_BUNDLE_IDENTIFIER = com.kryg.HushTests;
				PRODUCT_NAME = "$(TARGET_NAME)";
				SWIFT_VERSION = 5.0;
				TARGETED_DEVICE_FAMILY = "1,2";
				TEST_HOST = "$(BUILT_PRODUCTS_DIR)/Hush.app/Hush";
			};
			name = Release;
		};
		2361754524E329470052AB01 /* Debug */ = {
			isa = XCBuildConfiguration;
			buildSettings = {
				ALWAYS_SEARCH_USER_PATHS = NO;
				CLANG_ANALYZER_NONNULL = YES;
				CLANG_ANALYZER_NUMBER_OBJECT_CONVERSION = YES_AGGRESSIVE;
				CLANG_CXX_LANGUAGE_STANDARD = "gnu++14";
				CLANG_CXX_LIBRARY = "libc++";
				CLANG_ENABLE_MODULES = YES;
				CLANG_ENABLE_OBJC_ARC = YES;
				CLANG_ENABLE_OBJC_WEAK = YES;
				CLANG_WARN_BLOCK_CAPTURE_AUTORELEASING = YES;
				CLANG_WARN_BOOL_CONVERSION = YES;
				CLANG_WARN_COMMA = YES;
				CLANG_WARN_CONSTANT_CONVERSION = YES;
				CLANG_WARN_DEPRECATED_OBJC_IMPLEMENTATIONS = YES;
				CLANG_WARN_DIRECT_OBJC_ISA_USAGE = YES_ERROR;
				CLANG_WARN_DOCUMENTATION_COMMENTS = YES;
				CLANG_WARN_EMPTY_BODY = YES;
				CLANG_WARN_ENUM_CONVERSION = YES;
				CLANG_WARN_INFINITE_RECURSION = YES;
				CLANG_WARN_INT_CONVERSION = YES;
				CLANG_WARN_NON_LITERAL_NULL_CONVERSION = YES;
				CLANG_WARN_OBJC_IMPLICIT_RETAIN_SELF = YES;
				CLANG_WARN_OBJC_LITERAL_CONVERSION = YES;
				CLANG_WARN_OBJC_ROOT_CLASS = YES_ERROR;
				CLANG_WARN_RANGE_LOOP_ANALYSIS = YES;
				CLANG_WARN_STRICT_PROTOTYPES = YES;
				CLANG_WARN_SUSPICIOUS_MOVE = YES;
				CLANG_WARN_UNGUARDED_AVAILABILITY = YES_AGGRESSIVE;
				CLANG_WARN_UNREACHABLE_CODE = YES;
				CLANG_WARN__DUPLICATE_METHOD_MATCH = YES;
				COPY_PHASE_STRIP = NO;
				DEBUG_INFORMATION_FORMAT = dwarf;
				ENABLE_STRICT_OBJC_MSGSEND = YES;
				ENABLE_TESTABILITY = YES;
				GCC_C_LANGUAGE_STANDARD = gnu11;
				GCC_DYNAMIC_NO_PIC = NO;
				GCC_NO_COMMON_BLOCKS = YES;
				GCC_OPTIMIZATION_LEVEL = 0;
				GCC_PREPROCESSOR_DEFINITIONS = (
					"DEBUG=1",
					"$(inherited)",
				);
				GCC_WARN_64_TO_32_BIT_CONVERSION = YES;
				GCC_WARN_ABOUT_RETURN_TYPE = YES_ERROR;
				GCC_WARN_UNDECLARED_SELECTOR = YES;
				GCC_WARN_UNINITIALIZED_AUTOS = YES_AGGRESSIVE;
				GCC_WARN_UNUSED_FUNCTION = YES;
				GCC_WARN_UNUSED_VARIABLE = YES;
				IPHONEOS_DEPLOYMENT_TARGET = 13.0;
				MTL_ENABLE_DEBUG_INFO = INCLUDE_SOURCE;
				MTL_FAST_MATH = YES;
				ONLY_ACTIVE_ARCH = YES;
				SDKROOT = iphoneos;
				SWIFT_ACTIVE_COMPILATION_CONDITIONS = DEBUG;
				SWIFT_OPTIMIZATION_LEVEL = "-Onone";
			};
			name = Debug;
		};
		2361754624E329470052AB01 /* Release */ = {
			isa = XCBuildConfiguration;
			buildSettings = {
				ALWAYS_SEARCH_USER_PATHS = NO;
				CLANG_ANALYZER_NONNULL = YES;
				CLANG_ANALYZER_NUMBER_OBJECT_CONVERSION = YES_AGGRESSIVE;
				CLANG_CXX_LANGUAGE_STANDARD = "gnu++14";
				CLANG_CXX_LIBRARY = "libc++";
				CLANG_ENABLE_MODULES = YES;
				CLANG_ENABLE_OBJC_ARC = YES;
				CLANG_ENABLE_OBJC_WEAK = YES;
				CLANG_WARN_BLOCK_CAPTURE_AUTORELEASING = YES;
				CLANG_WARN_BOOL_CONVERSION = YES;
				CLANG_WARN_COMMA = YES;
				CLANG_WARN_CONSTANT_CONVERSION = YES;
				CLANG_WARN_DEPRECATED_OBJC_IMPLEMENTATIONS = YES;
				CLANG_WARN_DIRECT_OBJC_ISA_USAGE = YES_ERROR;
				CLANG_WARN_DOCUMENTATION_COMMENTS = YES;
				CLANG_WARN_EMPTY_BODY = YES;
				CLANG_WARN_ENUM_CONVERSION = YES;
				CLANG_WARN_INFINITE_RECURSION = YES;
				CLANG_WARN_INT_CONVERSION = YES;
				CLANG_WARN_NON_LITERAL_NULL_CONVERSION = YES;
				CLANG_WARN_OBJC_IMPLICIT_RETAIN_SELF = YES;
				CLANG_WARN_OBJC_LITERAL_CONVERSION = YES;
				CLANG_WARN_OBJC_ROOT_CLASS = YES_ERROR;
				CLANG_WARN_RANGE_LOOP_ANALYSIS = YES;
				CLANG_WARN_STRICT_PROTOTYPES = YES;
				CLANG_WARN_SUSPICIOUS_MOVE = YES;
				CLANG_WARN_UNGUARDED_AVAILABILITY = YES_AGGRESSIVE;
				CLANG_WARN_UNREACHABLE_CODE = YES;
				CLANG_WARN__DUPLICATE_METHOD_MATCH = YES;
				COPY_PHASE_STRIP = NO;
				DEBUG_INFORMATION_FORMAT = "dwarf-with-dsym";
				ENABLE_NS_ASSERTIONS = NO;
				ENABLE_STRICT_OBJC_MSGSEND = YES;
				GCC_C_LANGUAGE_STANDARD = gnu11;
				GCC_NO_COMMON_BLOCKS = YES;
				GCC_WARN_64_TO_32_BIT_CONVERSION = YES;
				GCC_WARN_ABOUT_RETURN_TYPE = YES_ERROR;
				GCC_WARN_UNDECLARED_SELECTOR = YES;
				GCC_WARN_UNINITIALIZED_AUTOS = YES_AGGRESSIVE;
				GCC_WARN_UNUSED_FUNCTION = YES;
				GCC_WARN_UNUSED_VARIABLE = YES;
				IPHONEOS_DEPLOYMENT_TARGET = 13.0;
				MTL_ENABLE_DEBUG_INFO = NO;
				MTL_FAST_MATH = YES;
				SDKROOT = iphoneos;
				SWIFT_COMPILATION_MODE = wholemodule;
				SWIFT_OPTIMIZATION_LEVEL = "-O";
				VALIDATE_PRODUCT = YES;
			};
			name = Release;
		};
		2361754824E329470052AB01 /* Debug */ = {
			isa = XCBuildConfiguration;
			buildSettings = {
				ASSETCATALOG_COMPILER_APPICON_NAME = AppIcon;
				CODE_SIGN_STYLE = Automatic;
				DEVELOPMENT_TEAM = UX7WS379DF;
				INFOPLIST_FILE = Hush/Resources/Info.plist;
				LD_RUNPATH_SEARCH_PATHS = (
					"$(inherited)",
					"@executable_path/Frameworks",
				);
				PRODUCT_BUNDLE_IDENTIFIER = com.kryg.Hush;
				PRODUCT_NAME = "$(TARGET_NAME)";
				SWIFT_VERSION = 5.0;
				TARGETED_DEVICE_FAMILY = "1,2";
			};
			name = Debug;
		};
		2361754924E329470052AB01 /* Release */ = {
			isa = XCBuildConfiguration;
			buildSettings = {
				ASSETCATALOG_COMPILER_APPICON_NAME = AppIcon;
				CODE_SIGN_STYLE = Automatic;
				DEVELOPMENT_TEAM = UX7WS379DF;
				INFOPLIST_FILE = Hush/Resources/Info.plist;
				LD_RUNPATH_SEARCH_PATHS = (
					"$(inherited)",
					"@executable_path/Frameworks",
				);
				PRODUCT_BUNDLE_IDENTIFIER = com.kryg.Hush;
				PRODUCT_NAME = "$(TARGET_NAME)";
				SWIFT_VERSION = 5.0;
				TARGETED_DEVICE_FAMILY = "1,2";
			};
			name = Release;
		};
/* End XCBuildConfiguration section */

/* Begin XCConfigurationList section */
		2322813F24E860DF00F28378 /* Build configuration list for PBXNativeTarget "HushTests" */ = {
			isa = XCConfigurationList;
			buildConfigurations = (
				2322814024E860DF00F28378 /* Debug */,
				2322814124E860DF00F28378 /* Release */,
			);
			defaultConfigurationIsVisible = 0;
			defaultConfigurationName = Release;
		};
		2361752324E329460052AB01 /* Build configuration list for PBXProject "Hush" */ = {
			isa = XCConfigurationList;
			buildConfigurations = (
				2361754524E329470052AB01 /* Debug */,
				2361754624E329470052AB01 /* Release */,
			);
			defaultConfigurationIsVisible = 0;
			defaultConfigurationName = Release;
		};
		2361754724E329470052AB01 /* Build configuration list for PBXNativeTarget "Hush" */ = {
			isa = XCConfigurationList;
			buildConfigurations = (
				2361754824E329470052AB01 /* Debug */,
				2361754924E329470052AB01 /* Release */,
			);
			defaultConfigurationIsVisible = 0;
			defaultConfigurationName = Release;
		};
/* End XCConfigurationList section */

/* Begin XCRemoteSwiftPackageReference section */
		23AB23DD24E96B670028E4EB /* XCRemoteSwiftPackageReference "RxSwift" */ = {
			isa = XCRemoteSwiftPackageReference;
			repositoryURL = "https://github.com/ReactiveX/RxSwift.git";
			requirement = {
				kind = upToNextMajorVersion;
				minimumVersion = 5.1.1;
			};
		};
/* End XCRemoteSwiftPackageReference section */

/* Begin XCSwiftPackageProductDependency section */
		23AB23DE24E96B670028E4EB /* RxSwift */ = {
			isa = XCSwiftPackageProductDependency;
			package = 23AB23DD24E96B670028E4EB /* XCRemoteSwiftPackageReference "RxSwift" */;
			productName = RxSwift;
		};
		23AB23E024E96B670028E4EB /* RxCocoa */ = {
			isa = XCSwiftPackageProductDependency;
			package = 23AB23DD24E96B670028E4EB /* XCRemoteSwiftPackageReference "RxSwift" */;
			productName = RxCocoa;
		};
/* End XCSwiftPackageProductDependency section */
	};
	rootObject = 2361752024E329460052AB01 /* Project object */;
}
