// !$*UTF8*$!
{
	archiveVersion = 1;
	classes = {
	};
	objectVersion = 50;
	objects = {

/* Begin PBXBuildFile section */
		2361752C24E329460052AB01 /* AppDelegate.swift in Sources */ = {isa = PBXBuildFile; fileRef = 2361752B24E329460052AB01 /* AppDelegate.swift */; };
		2361752E24E329460052AB01 /* SceneDelegate.swift in Sources */ = {isa = PBXBuildFile; fileRef = 2361752D24E329460052AB01 /* SceneDelegate.swift */; };
		2361753524E329470052AB01 /* Assets.xcassets in Resources */ = {isa = PBXBuildFile; fileRef = 2361753424E329470052AB01 /* Assets.xcassets */; };
		2361753824E329470052AB01 /* LaunchScreen.storyboard in Resources */ = {isa = PBXBuildFile; fileRef = 2361753624E329470052AB01 /* LaunchScreen.storyboard */; };
		2361754324E329470052AB01 /* HushTests.swift in Sources */ = {isa = PBXBuildFile; fileRef = 2361754224E329470052AB01 /* HushTests.swift */; };
		2361755224E32B550052AB01 /* NavigationController.swift in Sources */ = {isa = PBXBuildFile; fileRef = 2361755124E32B550052AB01 /* NavigationController.swift */; };
		2361755824E32F670052AB01 /* BreathViewController.swift in Sources */ = {isa = PBXBuildFile; fileRef = 2361755624E32F670052AB01 /* BreathViewController.swift */; };
		2361755924E32F670052AB01 /* BreathViewController.xib in Resources */ = {isa = PBXBuildFile; fileRef = 2361755724E32F670052AB01 /* BreathViewController.xib */; };
		2361755C24E32F790052AB01 /* BreathViewModel.swift in Sources */ = {isa = PBXBuildFile; fileRef = 2361755B24E32F790052AB01 /* BreathViewModel.swift */; };
		2361755F24E3300B0052AB01 /* BreathRouter.swift in Sources */ = {isa = PBXBuildFile; fileRef = 2361755E24E3300B0052AB01 /* BreathRouter.swift */; };
		236175A024E336560052AB01 /* Router.swift in Sources */ = {isa = PBXBuildFile; fileRef = 2361759F24E336560052AB01 /* Router.swift */; };
		236175A224E336830052AB01 /* AppRouter.swift in Sources */ = {isa = PBXBuildFile; fileRef = 236175A124E336830052AB01 /* AppRouter.swift */; };
		236175A524E3383D0052AB01 /* PulsatoryView.swift in Sources */ = {isa = PBXBuildFile; fileRef = 236175A424E3383D0052AB01 /* PulsatoryView.swift */; };
		236175A724E349540052AB01 /* Circle.swift in Sources */ = {isa = PBXBuildFile; fileRef = 236175A624E349540052AB01 /* Circle.swift */; };
/* End PBXBuildFile section */

/* Begin PBXContainerItemProxy section */
		2361753F24E329470052AB01 /* PBXContainerItemProxy */ = {
			isa = PBXContainerItemProxy;
			containerPortal = 2361752024E329460052AB01 /* Project object */;
			proxyType = 1;
			remoteGlobalIDString = 2361752724E329460052AB01;
			remoteInfo = Hush;
		};
/* End PBXContainerItemProxy section */

/* Begin PBXFileReference section */
		2361752824E329460052AB01 /* Hush.app */ = {isa = PBXFileReference; explicitFileType = wrapper.application; includeInIndex = 0; path = Hush.app; sourceTree = BUILT_PRODUCTS_DIR; };
		2361752B24E329460052AB01 /* AppDelegate.swift */ = {isa = PBXFileReference; lastKnownFileType = sourcecode.swift; path = AppDelegate.swift; sourceTree = "<group>"; };
		2361752D24E329460052AB01 /* SceneDelegate.swift */ = {isa = PBXFileReference; lastKnownFileType = sourcecode.swift; path = SceneDelegate.swift; sourceTree = "<group>"; };
		2361753424E329470052AB01 /* Assets.xcassets */ = {isa = PBXFileReference; lastKnownFileType = folder.assetcatalog; path = Assets.xcassets; sourceTree = "<group>"; };
		2361753724E329470052AB01 /* Base */ = {isa = PBXFileReference; lastKnownFileType = file.storyboard; name = Base; path = Base.lproj/LaunchScreen.storyboard; sourceTree = "<group>"; };
		2361753924E329470052AB01 /* Info.plist */ = {isa = PBXFileReference; lastKnownFileType = text.plist.xml; path = Info.plist; sourceTree = "<group>"; };
		2361753E24E329470052AB01 /* HushTests.xctest */ = {isa = PBXFileReference; explicitFileType = wrapper.cfbundle; includeInIndex = 0; path = HushTests.xctest; sourceTree = BUILT_PRODUCTS_DIR; };
		2361754224E329470052AB01 /* HushTests.swift */ = {isa = PBXFileReference; lastKnownFileType = sourcecode.swift; path = HushTests.swift; sourceTree = "<group>"; };
		2361755124E32B550052AB01 /* NavigationController.swift */ = {isa = PBXFileReference; lastKnownFileType = sourcecode.swift; path = NavigationController.swift; sourceTree = "<group>"; };
		2361755624E32F670052AB01 /* BreathViewController.swift */ = {isa = PBXFileReference; lastKnownFileType = sourcecode.swift; path = BreathViewController.swift; sourceTree = "<group>"; };
		2361755724E32F670052AB01 /* BreathViewController.xib */ = {isa = PBXFileReference; lastKnownFileType = file.xib; path = BreathViewController.xib; sourceTree = "<group>"; };
		2361755B24E32F790052AB01 /* BreathViewModel.swift */ = {isa = PBXFileReference; lastKnownFileType = sourcecode.swift; path = BreathViewModel.swift; sourceTree = "<group>"; };
		2361755E24E3300B0052AB01 /* BreathRouter.swift */ = {isa = PBXFileReference; lastKnownFileType = sourcecode.swift; path = BreathRouter.swift; sourceTree = "<group>"; };
		2361759F24E336560052AB01 /* Router.swift */ = {isa = PBXFileReference; lastKnownFileType = sourcecode.swift; path = Router.swift; sourceTree = "<group>"; };
		236175A124E336830052AB01 /* AppRouter.swift */ = {isa = PBXFileReference; lastKnownFileType = sourcecode.swift; path = AppRouter.swift; sourceTree = "<group>"; };
		236175A424E3383D0052AB01 /* PulsatoryView.swift */ = {isa = PBXFileReference; lastKnownFileType = sourcecode.swift; path = PulsatoryView.swift; sourceTree = "<group>"; };
		236175A624E349540052AB01 /* Circle.swift */ = {isa = PBXFileReference; lastKnownFileType = sourcecode.swift; path = Circle.swift; sourceTree = "<group>"; };
/* End PBXFileReference section */

/* Begin PBXFrameworksBuildPhase section */
		2361752524E329460052AB01 /* Frameworks */ = {
			isa = PBXFrameworksBuildPhase;
			buildActionMask = 2147483647;
			files = (
			);
			runOnlyForDeploymentPostprocessing = 0;
		};
		2361753B24E329470052AB01 /* Frameworks */ = {
			isa = PBXFrameworksBuildPhase;
			buildActionMask = 2147483647;
			files = (
			);
			runOnlyForDeploymentPostprocessing = 0;
		};
/* End PBXFrameworksBuildPhase section */

/* Begin PBXGroup section */
		2361751F24E329460052AB01 = {
			isa = PBXGroup;
			children = (
				2361752A24E329460052AB01 /* Hush */,
				2361754124E329470052AB01 /* HushTests */,
				2361752924E329460052AB01 /* Products */,
			);
			sourceTree = "<group>";
		};
		2361752924E329460052AB01 /* Products */ = {
			isa = PBXGroup;
			children = (
				2361752824E329460052AB01 /* Hush.app */,
				2361753E24E329470052AB01 /* HushTests.xctest */,
			);
			name = Products;
			sourceTree = "<group>";
		};
		2361752A24E329460052AB01 /* Hush */ = {
			isa = PBXGroup;
			children = (
				2361754E24E32AD10052AB01 /* Resources */,
				2361754D24E32ACC0052AB01 /* Sources */,
			);
			path = Hush;
			sourceTree = "<group>";
		};
		2361754124E329470052AB01 /* HushTests */ = {
			isa = PBXGroup;
			children = (
				2361754224E329470052AB01 /* HushTests.swift */,
			);
			path = HushTests;
			sourceTree = "<group>";
		};
		2361754D24E32ACC0052AB01 /* Sources */ = {
			isa = PBXGroup;
			children = (
				236175A324E337630052AB01 /* ViewComponents */,
				2361754F24E32AF70052AB01 /* Core */,
				2361755324E32BA60052AB01 /* Scenes */,
			);
			path = Sources;
			sourceTree = "<group>";
		};
		2361754E24E32AD10052AB01 /* Resources */ = {
			isa = PBXGroup;
			children = (
				2361753924E329470052AB01 /* Info.plist */,
				2361753624E329470052AB01 /* LaunchScreen.storyboard */,
				2361753424E329470052AB01 /* Assets.xcassets */,
			);
			path = Resources;
			sourceTree = "<group>";
		};
		2361754F24E32AF70052AB01 /* Core */ = {
			isa = PBXGroup;
			children = (
				2361759E24E3364D0052AB01 /* Routing */,
				2361755124E32B550052AB01 /* NavigationController.swift */,
				2361752B24E329460052AB01 /* AppDelegate.swift */,
				2361752D24E329460052AB01 /* SceneDelegate.swift */,
			);
			path = Core;
			sourceTree = "<group>";
		};
		2361755324E32BA60052AB01 /* Scenes */ = {
			isa = PBXGroup;
			children = (
				2361755424E32BB00052AB01 /* Breath */,
			);
			path = Scenes;
			sourceTree = "<group>";
		};
		2361755424E32BB00052AB01 /* Breath */ = {
			isa = PBXGroup;
			children = (
				2361755D24E32FFE0052AB01 /* Router */,
				2361755A24E32F6B0052AB01 /* ViewModel */,
				2361755524E32BEA0052AB01 /* ViewController */,
			);
			path = Breath;
			sourceTree = "<group>";
		};
		2361755524E32BEA0052AB01 /* ViewController */ = {
			isa = PBXGroup;
			children = (
				2361755624E32F670052AB01 /* BreathViewController.swift */,
				2361755724E32F670052AB01 /* BreathViewController.xib */,
			);
			path = ViewController;
			sourceTree = "<group>";
		};
		2361755A24E32F6B0052AB01 /* ViewModel */ = {
			isa = PBXGroup;
			children = (
				2361755B24E32F790052AB01 /* BreathViewModel.swift */,
			);
			path = ViewModel;
			sourceTree = "<group>";
		};
		2361755D24E32FFE0052AB01 /* Router */ = {
			isa = PBXGroup;
			children = (
				2361755E24E3300B0052AB01 /* BreathRouter.swift */,
			);
			path = Router;
			sourceTree = "<group>";
		};
		2361759E24E3364D0052AB01 /* Routing */ = {
			isa = PBXGroup;
			children = (
				2361759F24E336560052AB01 /* Router.swift */,
				236175A124E336830052AB01 /* AppRouter.swift */,
			);
			path = Routing;
			sourceTree = "<group>";
		};
		236175A324E337630052AB01 /* ViewComponents */ = {
			isa = PBXGroup;
			children = (
				236175A424E3383D0052AB01 /* PulsatoryView.swift */,
				236175A624E349540052AB01 /* Circle.swift */,
			);
			path = ViewComponents;
			sourceTree = "<group>";
		};
/* End PBXGroup section */

/* Begin PBXNativeTarget section */
		2361752724E329460052AB01 /* Hush */ = {
			isa = PBXNativeTarget;
			buildConfigurationList = 2361754724E329470052AB01 /* Build configuration list for PBXNativeTarget "Hush" */;
			buildPhases = (
				2361752424E329460052AB01 /* Sources */,
				2361752524E329460052AB01 /* Frameworks */,
				2361752624E329460052AB01 /* Resources */,
			);
			buildRules = (
			);
			dependencies = (
			);
			name = Hush;
			productName = Hush;
			productReference = 2361752824E329460052AB01 /* Hush.app */;
			productType = "com.apple.product-type.application";
		};
		2361753D24E329470052AB01 /* HushTests */ = {
			isa = PBXNativeTarget;
			buildConfigurationList = 2361754A24E329470052AB01 /* Build configuration list for PBXNativeTarget "HushTests" */;
			buildPhases = (
				2361753A24E329470052AB01 /* Sources */,
				2361753B24E329470052AB01 /* Frameworks */,
				2361753C24E329470052AB01 /* Resources */,
			);
			buildRules = (
			);
			dependencies = (
				2361754024E329470052AB01 /* PBXTargetDependency */,
			);
			name = HushTests;
			productName = HushTests;
			productReference = 2361753E24E329470052AB01 /* HushTests.xctest */;
			productType = "com.apple.product-type.bundle.unit-test";
		};
/* End PBXNativeTarget section */

/* Begin PBXProject section */
		2361752024E329460052AB01 /* Project object */ = {
			isa = PBXProject;
			attributes = {
				LastSwiftUpdateCheck = 1140;
				LastUpgradeCheck = 1140;
				ORGANIZATIONNAME = Kryg;
				TargetAttributes = {
					2361752724E329460052AB01 = {
						CreatedOnToolsVersion = 11.4.1;
					};
					2361753D24E329470052AB01 = {
						CreatedOnToolsVersion = 11.4.1;
						TestTargetID = 2361752724E329460052AB01;
					};
				};
			};
			buildConfigurationList = 2361752324E329460052AB01 /* Build configuration list for PBXProject "Hush" */;
			compatibilityVersion = "Xcode 9.3";
			developmentRegion = en;
			hasScannedForEncodings = 0;
			knownRegions = (
				en,
				Base,
			);
			mainGroup = 2361751F24E329460052AB01;
			productRefGroup = 2361752924E329460052AB01 /* Products */;
			projectDirPath = "";
			projectRoot = "";
			targets = (
				2361752724E329460052AB01 /* Hush */,
				2361753D24E329470052AB01 /* HushTests */,
			);
		};
/* End PBXProject section */

/* Begin PBXResourcesBuildPhase section */
		2361752624E329460052AB01 /* Resources */ = {
			isa = PBXResourcesBuildPhase;
			buildActionMask = 2147483647;
			files = (
				2361755924E32F670052AB01 /* BreathViewController.xib in Resources */,
				2361753824E329470052AB01 /* LaunchScreen.storyboard in Resources */,
				2361753524E329470052AB01 /* Assets.xcassets in Resources */,
			);
			runOnlyForDeploymentPostprocessing = 0;
		};
		2361753C24E329470052AB01 /* Resources */ = {
			isa = PBXResourcesBuildPhase;
			buildActionMask = 2147483647;
			files = (
			);
			runOnlyForDeploymentPostprocessing = 0;
		};
/* End PBXResourcesBuildPhase section */

/* Begin PBXSourcesBuildPhase section */
		2361752424E329460052AB01 /* Sources */ = {
			isa = PBXSourcesBuildPhase;
			buildActionMask = 2147483647;
			files = (
				2361755224E32B550052AB01 /* NavigationController.swift in Sources */,
				2361752C24E329460052AB01 /* AppDelegate.swift in Sources */,
				2361755824E32F670052AB01 /* BreathViewController.swift in Sources */,
				236175A524E3383D0052AB01 /* PulsatoryView.swift in Sources */,
				236175A024E336560052AB01 /* Router.swift in Sources */,
				236175A724E349540052AB01 /* Circle.swift in Sources */,
				236175A224E336830052AB01 /* AppRouter.swift in Sources */,
				2361752E24E329460052AB01 /* SceneDelegate.swift in Sources */,
				2361755F24E3300B0052AB01 /* BreathRouter.swift in Sources */,
				2361755C24E32F790052AB01 /* BreathViewModel.swift in Sources */,
			);
			runOnlyForDeploymentPostprocessing = 0;
		};
		2361753A24E329470052AB01 /* Sources */ = {
			isa = PBXSourcesBuildPhase;
			buildActionMask = 2147483647;
			files = (
				2361754324E329470052AB01 /* HushTests.swift in Sources */,
			);
			runOnlyForDeploymentPostprocessing = 0;
		};
/* End PBXSourcesBuildPhase section */

/* Begin PBXTargetDependency section */
		2361754024E329470052AB01 /* PBXTargetDependency */ = {
			isa = PBXTargetDependency;
			target = 2361752724E329460052AB01 /* Hush */;
			targetProxy = 2361753F24E329470052AB01 /* PBXContainerItemProxy */;
		};
/* End PBXTargetDependency section */

/* Begin PBXVariantGroup section */
		2361753624E329470052AB01 /* LaunchScreen.storyboard */ = {
			isa = PBXVariantGroup;
			children = (
				2361753724E329470052AB01 /* Base */,
			);
			name = LaunchScreen.storyboard;
			sourceTree = "<group>";
		};
/* End PBXVariantGroup section */

/* Begin XCBuildConfiguration section */
		2361754524E329470052AB01 /* Debug */ = {
			isa = XCBuildConfiguration;
			buildSettings = {
				ALWAYS_SEARCH_USER_PATHS = NO;
				CLANG_ANALYZER_NONNULL = YES;
				CLANG_ANALYZER_NUMBER_OBJECT_CONVERSION = YES_AGGRESSIVE;
				CLANG_CXX_LANGUAGE_STANDARD = "gnu++14";
				CLANG_CXX_LIBRARY = "libc++";
				CLANG_ENABLE_MODULES = YES;
				CLANG_ENABLE_OBJC_ARC = YES;
				CLANG_ENABLE_OBJC_WEAK = YES;
				CLANG_WARN_BLOCK_CAPTURE_AUTORELEASING = YES;
				CLANG_WARN_BOOL_CONVERSION = YES;
				CLANG_WARN_COMMA = YES;
				CLANG_WARN_CONSTANT_CONVERSION = YES;
				CLANG_WARN_DEPRECATED_OBJC_IMPLEMENTATIONS = YES;
				CLANG_WARN_DIRECT_OBJC_ISA_USAGE = YES_ERROR;
				CLANG_WARN_DOCUMENTATION_COMMENTS = YES;
				CLANG_WARN_EMPTY_BODY = YES;
				CLANG_WARN_ENUM_CONVERSION = YES;
				CLANG_WARN_INFINITE_RECURSION = YES;
				CLANG_WARN_INT_CONVERSION = YES;
				CLANG_WARN_NON_LITERAL_NULL_CONVERSION = YES;
				CLANG_WARN_OBJC_IMPLICIT_RETAIN_SELF = YES;
				CLANG_WARN_OBJC_LITERAL_CONVERSION = YES;
				CLANG_WARN_OBJC_ROOT_CLASS = YES_ERROR;
				CLANG_WARN_RANGE_LOOP_ANALYSIS = YES;
				CLANG_WARN_STRICT_PROTOTYPES = YES;
				CLANG_WARN_SUSPICIOUS_MOVE = YES;
				CLANG_WARN_UNGUARDED_AVAILABILITY = YES_AGGRESSIVE;
				CLANG_WARN_UNREACHABLE_CODE = YES;
				CLANG_WARN__DUPLICATE_METHOD_MATCH = YES;
				COPY_PHASE_STRIP = NO;
				DEBUG_INFORMATION_FORMAT = dwarf;
				ENABLE_STRICT_OBJC_MSGSEND = YES;
				ENABLE_TESTABILITY = YES;
				GCC_C_LANGUAGE_STANDARD = gnu11;
				GCC_DYNAMIC_NO_PIC = NO;
				GCC_NO_COMMON_BLOCKS = YES;
				GCC_OPTIMIZATION_LEVEL = 0;
				GCC_PREPROCESSOR_DEFINITIONS = (
					"DEBUG=1",
					"$(inherited)",
				);
				GCC_WARN_64_TO_32_BIT_CONVERSION = YES;
				GCC_WARN_ABOUT_RETURN_TYPE = YES_ERROR;
				GCC_WARN_UNDECLARED_SELECTOR = YES;
				GCC_WARN_UNINITIALIZED_AUTOS = YES_AGGRESSIVE;
				GCC_WARN_UNUSED_FUNCTION = YES;
				GCC_WARN_UNUSED_VARIABLE = YES;
				IPHONEOS_DEPLOYMENT_TARGET = 13.4;
				MTL_ENABLE_DEBUG_INFO = INCLUDE_SOURCE;
				MTL_FAST_MATH = YES;
				ONLY_ACTIVE_ARCH = YES;
				SDKROOT = iphoneos;
				SWIFT_ACTIVE_COMPILATION_CONDITIONS = DEBUG;
				SWIFT_OPTIMIZATION_LEVEL = "-Onone";
			};
			name = Debug;
		};
		2361754624E329470052AB01 /* Release */ = {
			isa = XCBuildConfiguration;
			buildSettings = {
				ALWAYS_SEARCH_USER_PATHS = NO;
				CLANG_ANALYZER_NONNULL = YES;
				CLANG_ANALYZER_NUMBER_OBJECT_CONVERSION = YES_AGGRESSIVE;
				CLANG_CXX_LANGUAGE_STANDARD = "gnu++14";
				CLANG_CXX_LIBRARY = "libc++";
				CLANG_ENABLE_MODULES = YES;
				CLANG_ENABLE_OBJC_ARC = YES;
				CLANG_ENABLE_OBJC_WEAK = YES;
				CLANG_WARN_BLOCK_CAPTURE_AUTORELEASING = YES;
				CLANG_WARN_BOOL_CONVERSION = YES;
				CLANG_WARN_COMMA = YES;
				CLANG_WARN_CONSTANT_CONVERSION = YES;
				CLANG_WARN_DEPRECATED_OBJC_IMPLEMENTATIONS = YES;
				CLANG_WARN_DIRECT_OBJC_ISA_USAGE = YES_ERROR;
				CLANG_WARN_DOCUMENTATION_COMMENTS = YES;
				CLANG_WARN_EMPTY_BODY = YES;
				CLANG_WARN_ENUM_CONVERSION = YES;
				CLANG_WARN_INFINITE_RECURSION = YES;
				CLANG_WARN_INT_CONVERSION = YES;
				CLANG_WARN_NON_LITERAL_NULL_CONVERSION = YES;
				CLANG_WARN_OBJC_IMPLICIT_RETAIN_SELF = YES;
				CLANG_WARN_OBJC_LITERAL_CONVERSION = YES;
				CLANG_WARN_OBJC_ROOT_CLASS = YES_ERROR;
				CLANG_WARN_RANGE_LOOP_ANALYSIS = YES;
				CLANG_WARN_STRICT_PROTOTYPES = YES;
				CLANG_WARN_SUSPICIOUS_MOVE = YES;
				CLANG_WARN_UNGUARDED_AVAILABILITY = YES_AGGRESSIVE;
				CLANG_WARN_UNREACHABLE_CODE = YES;
				CLANG_WARN__DUPLICATE_METHOD_MATCH = YES;
				COPY_PHASE_STRIP = NO;
				DEBUG_INFORMATION_FORMAT = "dwarf-with-dsym";
				ENABLE_NS_ASSERTIONS = NO;
				ENABLE_STRICT_OBJC_MSGSEND = YES;
				GCC_C_LANGUAGE_STANDARD = gnu11;
				GCC_NO_COMMON_BLOCKS = YES;
				GCC_WARN_64_TO_32_BIT_CONVERSION = YES;
				GCC_WARN_ABOUT_RETURN_TYPE = YES_ERROR;
				GCC_WARN_UNDECLARED_SELECTOR = YES;
				GCC_WARN_UNINITIALIZED_AUTOS = YES_AGGRESSIVE;
				GCC_WARN_UNUSED_FUNCTION = YES;
				GCC_WARN_UNUSED_VARIABLE = YES;
				IPHONEOS_DEPLOYMENT_TARGET = 13.4;
				MTL_ENABLE_DEBUG_INFO = NO;
				MTL_FAST_MATH = YES;
				SDKROOT = iphoneos;
				SWIFT_COMPILATION_MODE = wholemodule;
				SWIFT_OPTIMIZATION_LEVEL = "-O";
				VALIDATE_PRODUCT = YES;
			};
			name = Release;
		};
		2361754824E329470052AB01 /* Debug */ = {
			isa = XCBuildConfiguration;
			buildSettings = {
				ASSETCATALOG_COMPILER_APPICON_NAME = AppIcon;
				CODE_SIGN_STYLE = Automatic;
				DEVELOPMENT_TEAM = UX7WS379DF;
				INFOPLIST_FILE = Hush/Resources/Info.plist;
				LD_RUNPATH_SEARCH_PATHS = (
					"$(inherited)",
					"@executable_path/Frameworks",
				);
				PRODUCT_BUNDLE_IDENTIFIER = com.kryg.Hush;
				PRODUCT_NAME = "$(TARGET_NAME)";
				SWIFT_VERSION = 5.0;
				TARGETED_DEVICE_FAMILY = "1,2";
			};
			name = Debug;
		};
		2361754924E329470052AB01 /* Release */ = {
			isa = XCBuildConfiguration;
			buildSettings = {
				ASSETCATALOG_COMPILER_APPICON_NAME = AppIcon;
				CODE_SIGN_STYLE = Automatic;
				DEVELOPMENT_TEAM = UX7WS379DF;
				INFOPLIST_FILE = Hush/Resources/Info.plist;
				LD_RUNPATH_SEARCH_PATHS = (
					"$(inherited)",
					"@executable_path/Frameworks",
				);
				PRODUCT_BUNDLE_IDENTIFIER = com.kryg.Hush;
				PRODUCT_NAME = "$(TARGET_NAME)";
				SWIFT_VERSION = 5.0;
				TARGETED_DEVICE_FAMILY = "1,2";
			};
			name = Release;
		};
		2361754B24E329470052AB01 /* Debug */ = {
			isa = XCBuildConfiguration;
			buildSettings = {
				ALWAYS_EMBED_SWIFT_STANDARD_LIBRARIES = YES;
				BUNDLE_LOADER = "$(TEST_HOST)";
				CODE_SIGN_STYLE = Automatic;
				DEVELOPMENT_TEAM = UX7WS379DF;
				INFOPLIST_FILE = HushTests/Info.plist;
				IPHONEOS_DEPLOYMENT_TARGET = 13.4;
				LD_RUNPATH_SEARCH_PATHS = (
					"$(inherited)",
					"@executable_path/Frameworks",
					"@loader_path/Frameworks",
				);
				PRODUCT_BUNDLE_IDENTIFIER = com.kryg.HushTests;
				PRODUCT_NAME = "$(TARGET_NAME)";
				SWIFT_VERSION = 5.0;
				TARGETED_DEVICE_FAMILY = "1,2";
				TEST_HOST = "$(BUILT_PRODUCTS_DIR)/Hush.app/Hush";
			};
			name = Debug;
		};
		2361754C24E329470052AB01 /* Release */ = {
			isa = XCBuildConfiguration;
			buildSettings = {
				ALWAYS_EMBED_SWIFT_STANDARD_LIBRARIES = YES;
				BUNDLE_LOADER = "$(TEST_HOST)";
				CODE_SIGN_STYLE = Automatic;
				DEVELOPMENT_TEAM = UX7WS379DF;
				INFOPLIST_FILE = HushTests/Info.plist;
				IPHONEOS_DEPLOYMENT_TARGET = 13.4;
				LD_RUNPATH_SEARCH_PATHS = (
					"$(inherited)",
					"@executable_path/Frameworks",
					"@loader_path/Frameworks",
				);
				PRODUCT_BUNDLE_IDENTIFIER = com.kryg.HushTests;
				PRODUCT_NAME = "$(TARGET_NAME)";
				SWIFT_VERSION = 5.0;
				TARGETED_DEVICE_FAMILY = "1,2";
				TEST_HOST = "$(BUILT_PRODUCTS_DIR)/Hush.app/Hush";
			};
			name = Release;
		};
/* End XCBuildConfiguration section */

/* Begin XCConfigurationList section */
		2361752324E329460052AB01 /* Build configuration list for PBXProject "Hush" */ = {
			isa = XCConfigurationList;
			buildConfigurations = (
				2361754524E329470052AB01 /* Debug */,
				2361754624E329470052AB01 /* Release */,
			);
			defaultConfigurationIsVisible = 0;
			defaultConfigurationName = Release;
		};
		2361754724E329470052AB01 /* Build configuration list for PBXNativeTarget "Hush" */ = {
			isa = XCConfigurationList;
			buildConfigurations = (
				2361754824E329470052AB01 /* Debug */,
				2361754924E329470052AB01 /* Release */,
			);
			defaultConfigurationIsVisible = 0;
			defaultConfigurationName = Release;
		};
		2361754A24E329470052AB01 /* Build configuration list for PBXNativeTarget "HushTests" */ = {
			isa = XCConfigurationList;
			buildConfigurations = (
				2361754B24E329470052AB01 /* Debug */,
				2361754C24E329470052AB01 /* Release */,
			);
			defaultConfigurationIsVisible = 0;
			defaultConfigurationName = Release;
		};
/* End XCConfigurationList section */
	};
	rootObject = 2361752024E329460052AB01 /* Project object */;
}
